// !$*UTF8*$!
{
	archiveVersion = 1;
	classes = {
	};
	objectVersion = 46;
	objects = {

/* Begin PBXBuildFile section */
		060258431623A9E7007184F4 /* CompletionDateGroup.m in Sources */ = {isa = PBXBuildFile; fileRef = 060258421623A9E7007184F4 /* CompletionDateGroup.m */; };
		060258471623CB0D007184F4 /* tabicon_date@2x.png in Resources */ = {isa = PBXBuildFile; fileRef = 060258451623CB0D007184F4 /* tabicon_date@2x.png */; };
		060258481623CB0D007184F4 /* tabicon_date.png in Resources */ = {isa = PBXBuildFile; fileRef = 060258461623CB0D007184F4 /* tabicon_date.png */; };
		0603B04B1BA99A06005F3C99 /* Images.xcassets in Resources */ = {isa = PBXBuildFile; fileRef = 0603B04A1BA99A06005F3C99 /* Images.xcassets */; };
		0603B0631BA99AC4005F3C99 /* Icon-60@2x.png in Resources */ = {isa = PBXBuildFile; fileRef = 0603B0621BA99AC4005F3C99 /* Icon-60@2x.png */; };
		0603B0651BA99AD3005F3C99 /* 78x78.png in Resources */ = {isa = PBXBuildFile; fileRef = 0603B0641BA99AD3005F3C99 /* 78x78.png */; };
		0603B06B1BA99AE3005F3C99 /* Icon-29.png in Resources */ = {isa = PBXBuildFile; fileRef = 0603B0661BA99AE3005F3C99 /* Icon-29.png */; };
		0603B06C1BA99AE3005F3C99 /* Icon-29@2x.png in Resources */ = {isa = PBXBuildFile; fileRef = 0603B0671BA99AE3005F3C99 /* Icon-29@2x.png */; };
		0603B06D1BA99AE3005F3C99 /* Icon-29@3x.png in Resources */ = {isa = PBXBuildFile; fileRef = 0603B0681BA99AE3005F3C99 /* Icon-29@3x.png */; };
		0603B06E1BA99AE3005F3C99 /* Icon-40@3x.png in Resources */ = {isa = PBXBuildFile; fileRef = 0603B0691BA99AE3005F3C99 /* Icon-40@3x.png */; };
		0603B06F1BA99AE3005F3C99 /* Icon-60@3x.png in Resources */ = {isa = PBXBuildFile; fileRef = 0603B06A1BA99AE3005F3C99 /* Icon-60@3x.png */; };
		0603B0721BA99B2E005F3C99 /* Defaults-667h@2x.png in Resources */ = {isa = PBXBuildFile; fileRef = 0603B0701BA99B2E005F3C99 /* Defaults-667h@2x.png */; };
		0603B0731BA99B2E005F3C99 /* Defaults-736h@3x.png in Resources */ = {isa = PBXBuildFile; fileRef = 0603B0711BA99B2E005F3C99 /* Defaults-736h@3x.png */; };
		0606395C149F737000B454BC /* GroupsCell.xib in Resources */ = {isa = PBXBuildFile; fileRef = 0606395B149F737000B454BC /* GroupsCell.xib */; };
		060DBAD11E02D12800CAE1CE /* GoogleService-Info.plist in Resources */ = {isa = PBXBuildFile; fileRef = 060DBAD01E02D12800CAE1CE /* GoogleService-Info.plist */; };
		060E921D148C340200002D81 /* DatabaseFilterTypes.m in Sources */ = {isa = PBXBuildFile; fileRef = 060E921C148C340200002D81 /* DatabaseFilterTypes.m */; };
		060E921F148C4F6600002D81 /* libxml2.dylib in Frameworks */ = {isa = PBXBuildFile; fileRef = 060E921E148C4F6500002D81 /* libxml2.dylib */; };
		0618FF6B17E9800700467C2D /* Icon-40.png in Resources */ = {isa = PBXBuildFile; fileRef = 0618FF6A17E9800700467C2D /* Icon-40.png */; };
		06195EBA14772D1600C97DB8 /* PlaceViewController.m in Sources */ = {isa = PBXBuildFile; fileRef = 06195EB914772D1600C97DB8 /* PlaceViewController.m */; };
		06195EBD14772D2A00C97DB8 /* YomiViewController.m in Sources */ = {isa = PBXBuildFile; fileRef = 06195EBC14772D2A00C97DB8 /* YomiViewController.m */; };
		06195ED01477C7AF00C97DB8 /* Database.m in Sources */ = {isa = PBXBuildFile; fileRef = 06195ECF1477C7AF00C97DB8 /* Database.m */; };
		06195EDB147A5BD100C97DB8 /* oritsubushi.sqlite in Resources */ = {isa = PBXBuildFile; fileRef = 06195ED2147A5BD100C97DB8 /* oritsubushi.sqlite */; };
		06195EDC147A5BD100C97DB8 /* tabicon_information.png in Resources */ = {isa = PBXBuildFile; fileRef = 06195ED3147A5BD100C97DB8 /* tabicon_information.png */; };
		06195EDD147A5BD100C97DB8 /* tabicon_map.png in Resources */ = {isa = PBXBuildFile; fileRef = 06195ED4147A5BD100C97DB8 /* tabicon_map.png */; };
		06195EDE147A5BD100C97DB8 /* tabicon_operator.png in Resources */ = {isa = PBXBuildFile; fileRef = 06195ED5147A5BD100C97DB8 /* tabicon_operator.png */; };
		06195EDF147A5BD100C97DB8 /* tabicon_place.png in Resources */ = {isa = PBXBuildFile; fileRef = 06195ED6147A5BD100C97DB8 /* tabicon_place.png */; };
		06195EE0147A5BD100C97DB8 /* tabicon_settings.png in Resources */ = {isa = PBXBuildFile; fileRef = 06195ED7147A5BD100C97DB8 /* tabicon_settings.png */; };
		06195EE1147A5BD100C97DB8 /* tabicon_sync.png in Resources */ = {isa = PBXBuildFile; fileRef = 06195ED8147A5BD100C97DB8 /* tabicon_sync.png */; };
		06195EE2147A5BD100C97DB8 /* tabicon_yomi.png in Resources */ = {isa = PBXBuildFile; fileRef = 06195ED9147A5BD100C97DB8 /* tabicon_yomi.png */; };
		06195EE5147C67AF00C97DB8 /* SettingsViewController.m in Sources */ = {isa = PBXBuildFile; fileRef = 06195EE4147C67AF00C97DB8 /* SettingsViewController.m */; };
		06195EE8147C7AAA00C97DB8 /* NumberOfIconsViewController.m in Sources */ = {isa = PBXBuildFile; fileRef = 06195EE7147C7AAA00C97DB8 /* NumberOfIconsViewController.m */; };
		06195EED147D1B7800C97DB8 /* Prefs.m in Sources */ = {isa = PBXBuildFile; fileRef = 06195EEC147D1B7700C97DB8 /* Prefs.m */; };
		06195EF0147D955A00C97DB8 /* Operator.m in Sources */ = {isa = PBXBuildFile; fileRef = 06195EEF147D955900C97DB8 /* Operator.m */; };
		06195EF3147D961500C97DB8 /* Line.m in Sources */ = {isa = PBXBuildFile; fileRef = 06195EF2147D961500C97DB8 /* Line.m */; };
		06195EF6147D96BD00C97DB8 /* OperatorTypes.m in Sources */ = {isa = PBXBuildFile; fileRef = 06195EF5147D96BD00C97DB8 /* OperatorTypes.m */; };
		06195EF9147D9C1E00C97DB8 /* LineTypes.m in Sources */ = {isa = PBXBuildFile; fileRef = 06195EF8147D9C1E00C97DB8 /* LineTypes.m */; };
		06195F701480DBCA00C97DB8 /* AnnotationView.m in Sources */ = {isa = PBXBuildFile; fileRef = 06195F6F1480DBC900C97DB8 /* AnnotationView.m */; };
		06195F7B14811F9000C97DB8 /* CoreLocation.framework in Frameworks */ = {isa = PBXBuildFile; fileRef = 06195F7A14811F9000C97DB8 /* CoreLocation.framework */; };
		06195F80148120E600C97DB8 /* libsqlite3.dylib in Frameworks */ = {isa = PBXBuildFile; fileRef = 06195F7F148120E600C97DB8 /* libsqlite3.dylib */; };
		06195F881481309E00C97DB8 /* tabicon_information@2x.png in Resources */ = {isa = PBXBuildFile; fileRef = 06195F811481309E00C97DB8 /* tabicon_information@2x.png */; };
		06195F891481309E00C97DB8 /* tabicon_map@2x.png in Resources */ = {isa = PBXBuildFile; fileRef = 06195F821481309E00C97DB8 /* tabicon_map@2x.png */; };
		06195F8A1481309E00C97DB8 /* tabicon_operator@2x.png in Resources */ = {isa = PBXBuildFile; fileRef = 06195F831481309E00C97DB8 /* tabicon_operator@2x.png */; };
		06195F8B1481309E00C97DB8 /* tabicon_place@2x.png in Resources */ = {isa = PBXBuildFile; fileRef = 06195F841481309E00C97DB8 /* tabicon_place@2x.png */; };
		06195F8C1481309E00C97DB8 /* tabicon_settings@2x.png in Resources */ = {isa = PBXBuildFile; fileRef = 06195F851481309E00C97DB8 /* tabicon_settings@2x.png */; };
		06195F8D1481309E00C97DB8 /* tabicon_sync@2x.png in Resources */ = {isa = PBXBuildFile; fileRef = 06195F861481309E00C97DB8 /* tabicon_sync@2x.png */; };
		06195F8E1481309E00C97DB8 /* tabicon_yomi@2x.png in Resources */ = {isa = PBXBuildFile; fileRef = 06195F871481309E00C97DB8 /* tabicon_yomi@2x.png */; };
		06230583161C765100438213 /* CompletionDateViewController.m in Sources */ = {isa = PBXBuildFile; fileRef = 06230582161C765100438213 /* CompletionDateViewController.m */; };
		0627292D148EF5A800BB3B58 /* libz.dylib in Frameworks */ = {isa = PBXBuildFile; fileRef = 0627292C148EF5A800BB3B58 /* libz.dylib */; };
		0627292F148EF5B800BB3B58 /* CFNetwork.framework in Frameworks */ = {isa = PBXBuildFile; fileRef = 0627292E148EF5B800BB3B58 /* CFNetwork.framework */; };
		06272931148EF97100BB3B58 /* SystemConfiguration.framework in Frameworks */ = {isa = PBXBuildFile; fileRef = 06272930148EF97100BB3B58 /* SystemConfiguration.framework */; };
		06272933148EF9C400BB3B58 /* MobileCoreServices.framework in Frameworks */ = {isa = PBXBuildFile; fileRef = 06272932148EF9C300BB3B58 /* MobileCoreServices.framework */; };
		063B50DF1DE877F8009156AC /* MapTableViewCell.xib in Resources */ = {isa = PBXBuildFile; fileRef = 063B50DE1DE877F8009156AC /* MapTableViewCell.xib */; };
		064D466B14882E6600066924 /* Group.m in Sources */ = {isa = PBXBuildFile; fileRef = 064D466A14882E6600066924 /* Group.m */; };
		064D4676148838D600066924 /* GroupsViewController.m in Sources */ = {isa = PBXBuildFile; fileRef = 064D4675148838D600066924 /* GroupsViewController.m */; };
		064D467A14884A5E00066924 /* LinesViewControllers.m in Sources */ = {isa = PBXBuildFile; fileRef = 064D467914884A5E00066924 /* LinesViewControllers.m */; };
		064D46811488B3C000066924 /* StationsViewControllers.m in Sources */ = {isa = PBXBuildFile; fileRef = 064D46801488B3C000066924 /* StationsViewControllers.m */; };
		0652070A1AAACE5200C7A4DF /* DatabaseVersion.c in Sources */ = {isa = PBXBuildFile; fileRef = 065207091AAACE5200C7A4DF /* DatabaseVersion.c */; };
		065C0F74148A7980001D443C /* LoadingView.m in Sources */ = {isa = PBXBuildFile; fileRef = 065C0F73148A7980001D443C /* LoadingView.m */; };
		06661F0E17E885B200861C52 /* PlaceSelectViewController.m in Sources */ = {isa = PBXBuildFile; fileRef = 06661F0C17E885B200861C52 /* PlaceSelectViewController.m */; };
		06661F0F17E885B200861C52 /* PlaceSelectViewController.xib in Resources */ = {isa = PBXBuildFile; fileRef = 06661F0D17E885B200861C52 /* PlaceSelectViewController.xib */; };
		06661F2217E93E8B00861C52 /* SyncViewController7.xib in Resources */ = {isa = PBXBuildFile; fileRef = 06661F2117E93E8B00861C52 /* SyncViewController7.xib */; };
		067241691485BA0100B49CCC /* statusicon_comp@2x.png in Resources */ = {isa = PBXBuildFile; fileRef = 067241671485BA0100B49CCC /* statusicon_comp@2x.png */; };
		0672416A1485BA0100B49CCC /* statusicon_incomp@2x.png in Resources */ = {isa = PBXBuildFile; fileRef = 067241681485BA0100B49CCC /* statusicon_incomp@2x.png */; };
		0677CAF617E97B7D00994164 /* Icon@2x.png in Resources */ = {isa = PBXBuildFile; fileRef = 0677CAF417E97B7D00994164 /* Icon@2x.png */; };
		0697326A148D25D10042F3D5 /* SyncViewController.m in Sources */ = {isa = PBXBuildFile; fileRef = 06973268148D25D10042F3D5 /* SyncViewController.m */; };
		06A5649A1482FCEC001A041D /* Default.png in Resources */ = {isa = PBXBuildFile; fileRef = 06A564981482FCEC001A041D /* Default.png */; };
		06A5649B1482FCEC001A041D /* Default@2x.png in Resources */ = {isa = PBXBuildFile; fileRef = 06A564991482FCEC001A041D /* Default@2x.png */; };
		06A564AF1483B5EE001A041D /* InformationViewController.m in Sources */ = {isa = PBXBuildFile; fileRef = 06A564AE1483B5ED001A041D /* InformationViewController.m */; };
		06A564B61484597C001A041D /* StationInformationViewController.m in Sources */ = {isa = PBXBuildFile; fileRef = 06A564B41484597C001A041D /* StationInformationViewController.m */; };
		06A564B71484597C001A041D /* StationInformationViewController.xib in Resources */ = {isa = PBXBuildFile; fileRef = 06A564B51484597C001A041D /* StationInformationViewController.xib */; };
		06B1C3D01498132A00E8462B /* NSFileHandle+TextReader.m in Sources */ = {isa = PBXBuildFile; fileRef = 06B1C3CF1498132A00E8462B /* NSFileHandle+TextReader.m */; };
		06B1C3D414981ABE00E8462B /* NSString+CountSubstrings.m in Sources */ = {isa = PBXBuildFile; fileRef = 06B1C3D314981ABD00E8462B /* NSString+CountSubstrings.m */; };
		06B4BDFA145F639E00F57858 /* UIKit.framework in Frameworks */ = {isa = PBXBuildFile; fileRef = 06B4BDF9145F639E00F57858 /* UIKit.framework */; };
		06B4BDFC145F639E00F57858 /* Foundation.framework in Frameworks */ = {isa = PBXBuildFile; fileRef = 06B4BDFB145F639E00F57858 /* Foundation.framework */; };
		06B4BDFE145F639E00F57858 /* CoreGraphics.framework in Frameworks */ = {isa = PBXBuildFile; fileRef = 06B4BDFD145F639E00F57858 /* CoreGraphics.framework */; };
		06B4BE04145F639E00F57858 /* InfoPlist.strings in Resources */ = {isa = PBXBuildFile; fileRef = 06B4BE02145F639E00F57858 /* InfoPlist.strings */; };
		06B4BE06145F639E00F57858 /* main.m in Sources */ = {isa = PBXBuildFile; fileRef = 06B4BE05145F639E00F57858 /* main.m */; };
		06B4BE0A145F639E00F57858 /* AppDelegate.m in Sources */ = {isa = PBXBuildFile; fileRef = 06B4BE09145F639E00F57858 /* AppDelegate.m */; };
		06B4BE16145F63F200F57858 /* Station.m in Sources */ = {isa = PBXBuildFile; fileRef = 06B4BE11145F63F200F57858 /* Station.m */; };
		06B4BE17145F63F200F57858 /* MapView.m in Sources */ = {isa = PBXBuildFile; fileRef = 06B4BE13145F63F200F57858 /* MapView.m */; };
		06B4BE18145F63F200F57858 /* MapViewController.m in Sources */ = {isa = PBXBuildFile; fileRef = 06B4BE15145F63F200F57858 /* MapViewController.m */; };
		06B4BEAD14618FBF00F57858 /* MapKit.framework in Frameworks */ = {isa = PBXBuildFile; fileRef = 06B4BEAC14618FBF00F57858 /* MapKit.framework */; };
		06B4BEBE1464B29800F57858 /* SearchBar.m in Sources */ = {isa = PBXBuildFile; fileRef = 06B4BEBD1464B29800F57858 /* SearchBar.m */; };
		06B4BEC11466911400F57858 /* MapWrapper.m in Sources */ = {isa = PBXBuildFile; fileRef = 06B4BEC01466911300F57858 /* MapWrapper.m */; };
		06BDC71117E96E160024BCB0 /* Icon-76@2x.png in Resources */ = {isa = PBXBuildFile; fileRef = 06BDC70817E96E160024BCB0 /* Icon-76@2x.png */; };
		06BDC71317E96E160024BCB0 /* Icon-76.png in Resources */ = {isa = PBXBuildFile; fileRef = 06BDC70A17E96E160024BCB0 /* Icon-76.png */; };
		06BDC71417E96E160024BCB0 /* Icon.png in Resources */ = {isa = PBXBuildFile; fileRef = 06BDC70B17E96E160024BCB0 /* Icon.png */; };
		06BDC71517E96E160024BCB0 /* Icon-Small-50.png in Resources */ = {isa = PBXBuildFile; fileRef = 06BDC70C17E96E160024BCB0 /* Icon-Small-50.png */; };
		06BDC71717E96E160024BCB0 /* Icon-Small@2x.png in Resources */ = {isa = PBXBuildFile; fileRef = 06BDC70E17E96E160024BCB0 /* Icon-Small@2x.png */; };
		06BDC71817E96E160024BCB0 /* Icon-72.png in Resources */ = {isa = PBXBuildFile; fileRef = 06BDC70F17E96E160024BCB0 /* Icon-72.png */; };
		06BDC71917E96E160024BCB0 /* Icon-Small.png in Resources */ = {isa = PBXBuildFile; fileRef = 06BDC71017E96E160024BCB0 /* Icon-Small.png */; };
		06BDC7FF17E96FE70024BCB0 /* Icon-40@2x.png in Resources */ = {isa = PBXBuildFile; fileRef = 06BDC7FE17E96FE70024BCB0 /* Icon-40@2x.png */; };
		06C5B68C1489CBEB008BA7C2 /* GoogleMapsLocation.m in Sources */ = {isa = PBXBuildFile; fileRef = 06C5B68B1489CBEB008BA7C2 /* GoogleMapsLocation.m */; };
		06C5B68F1489CC10008BA7C2 /* GoogleMapsService.m in Sources */ = {isa = PBXBuildFile; fileRef = 06C5B68E1489CC10008BA7C2 /* GoogleMapsService.m */; };
		06C5B6961489D4C0008BA7C2 /* SearchScopeBar.m in Sources */ = {isa = PBXBuildFile; fileRef = 06C5B6951489D4C0008BA7C2 /* SearchScopeBar.m */; };
		06C73F171486E44C002AEB71 /* Misc.m in Sources */ = {isa = PBXBuildFile; fileRef = 06C73F161486E44C002AEB71 /* Misc.m */; };
		06C73F1B1486F530002AEB71 /* MemoViewController.m in Sources */ = {isa = PBXBuildFile; fileRef = 06C73F191486F530002AEB71 /* MemoViewController.m */; };
		06C73F1C1486F530002AEB71 /* MemoViewController.xib in Resources */ = {isa = PBXBuildFile; fileRef = 06C73F1A1486F530002AEB71 /* MemoViewController.xib */; };
		06C73F2514870907002AEB71 /* CompletionViewController.m in Sources */ = {isa = PBXBuildFile; fileRef = 06C73F2314870907002AEB71 /* CompletionViewController.m */; };
		06C73F2D14877E98002AEB71 /* statusicon_comp.png in Resources */ = {isa = PBXBuildFile; fileRef = 06C73F2B14877E98002AEB71 /* statusicon_comp.png */; };
		06C73F2E14877E99002AEB71 /* statusicon_incomp.png in Resources */ = {isa = PBXBuildFile; fileRef = 06C73F2C14877E98002AEB71 /* statusicon_incomp.png */; };
		06CA69F014B50B8B008C5F43 /* statusicon_notload.png in Resources */ = {isa = PBXBuildFile; fileRef = 06CA69EE14B50B8B008C5F43 /* statusicon_notload.png */; };
		06CA69F114B50B8B008C5F43 /* statusicon_notload@2x.png in Resources */ = {isa = PBXBuildFile; fileRef = 06CA69EF14B50B8B008C5F43 /* statusicon_notload@2x.png */; };
		06CC92BA17E1C319000DB811 /* CompletionViewController7.xib in Resources */ = {isa = PBXBuildFile; fileRef = 06CC92B917E1C319000DB811 /* CompletionViewController7.xib */; };
		06F1946A1E002445004303F7 /* FMDBHelper.m in Sources */ = {isa = PBXBuildFile; fileRef = 06F194691E002445004303F7 /* FMDBHelper.m */; };
		06F5A0E017E2D00900AD7AA5 /* QuartzCore.framework in Frameworks */ = {isa = PBXBuildFile; fileRef = 06F5A0DF17E2D00800AD7AA5 /* QuartzCore.framework */; };
		06F5A0E217E2D02F00AD7AA5 /* Accelerate.framework in Frameworks */ = {isa = PBXBuildFile; fileRef = 06F5A0E117E2D02F00AD7AA5 /* Accelerate.framework */; };
		06FDE1E31609E3EC00EABCB0 /* Default-568h@2x.png in Resources */ = {isa = PBXBuildFile; fileRef = 06FDE1E21609E3EC00EABCB0 /* Default-568h@2x.png */; };
		90652D3D326D392E25B5F356 /* libPods-Oritsubushi.a in Frameworks */ = {isa = PBXBuildFile; fileRef = 459F01387D3CB10AE96D575D /* libPods-Oritsubushi.a */; };
/* End PBXBuildFile section */

/* Begin PBXFileReference section */
		060258411623A9E7007184F4 /* CompletionDateGroup.h */ = {isa = PBXFileReference; fileEncoding = 4; lastKnownFileType = sourcecode.c.h; name = CompletionDateGroup.h; path = Oritsubushi/CompletionDateGroup.h; sourceTree = "<group>"; };
		060258421623A9E7007184F4 /* CompletionDateGroup.m */ = {isa = PBXFileReference; fileEncoding = 4; lastKnownFileType = sourcecode.c.objc; name = CompletionDateGroup.m; path = Oritsubushi/CompletionDateGroup.m; sourceTree = "<group>"; };
		060258451623CB0D007184F4 /* tabicon_date@2x.png */ = {isa = PBXFileReference; lastKnownFileType = image.png; name = "tabicon_date@2x.png"; path = "Oritsubushi/assets/tabicon_date@2x.png"; sourceTree = "<group>"; };
		060258461623CB0D007184F4 /* tabicon_date.png */ = {isa = PBXFileReference; lastKnownFileType = image.png; name = tabicon_date.png; path = Oritsubushi/assets/tabicon_date.png; sourceTree = "<group>"; };
		0603B04A1BA99A06005F3C99 /* Images.xcassets */ = {isa = PBXFileReference; lastKnownFileType = folder.assetcatalog; path = Images.xcassets; sourceTree = "<group>"; };
		0603B0621BA99AC4005F3C99 /* Icon-60@2x.png */ = {isa = PBXFileReference; lastKnownFileType = image.png; name = "Icon-60@2x.png"; path = "Oritsubushi/icon/Icon-60@2x.png"; sourceTree = "<group>"; };
		0603B0641BA99AD3005F3C99 /* 78x78.png */ = {isa = PBXFileReference; lastKnownFileType = image.png; name = 78x78.png; path = Oritsubushi/icon/78x78.png; sourceTree = "<group>"; };
		0603B0661BA99AE3005F3C99 /* Icon-29.png */ = {isa = PBXFileReference; lastKnownFileType = image.png; name = "Icon-29.png"; path = "Oritsubushi/icon/Icon-29.png"; sourceTree = "<group>"; };
		0603B0671BA99AE3005F3C99 /* Icon-29@2x.png */ = {isa = PBXFileReference; lastKnownFileType = image.png; name = "Icon-29@2x.png"; path = "Oritsubushi/icon/Icon-29@2x.png"; sourceTree = "<group>"; };
		0603B0681BA99AE3005F3C99 /* Icon-29@3x.png */ = {isa = PBXFileReference; lastKnownFileType = image.png; name = "Icon-29@3x.png"; path = "Oritsubushi/icon/Icon-29@3x.png"; sourceTree = "<group>"; };
		0603B0691BA99AE3005F3C99 /* Icon-40@3x.png */ = {isa = PBXFileReference; lastKnownFileType = image.png; name = "Icon-40@3x.png"; path = "Oritsubushi/icon/Icon-40@3x.png"; sourceTree = "<group>"; };
		0603B06A1BA99AE3005F3C99 /* Icon-60@3x.png */ = {isa = PBXFileReference; lastKnownFileType = image.png; name = "Icon-60@3x.png"; path = "Oritsubushi/icon/Icon-60@3x.png"; sourceTree = "<group>"; };
		0603B0701BA99B2E005F3C99 /* Defaults-667h@2x.png */ = {isa = PBXFileReference; lastKnownFileType = image.png; name = "Defaults-667h@2x.png"; path = "Oritsubushi/Defaults-667h@2x.png"; sourceTree = "<group>"; };
		0603B0711BA99B2E005F3C99 /* Defaults-736h@3x.png */ = {isa = PBXFileReference; lastKnownFileType = image.png; name = "Defaults-736h@3x.png"; path = "Oritsubushi/Defaults-736h@3x.png"; sourceTree = "<group>"; };
		0606395B149F737000B454BC /* GroupsCell.xib */ = {isa = PBXFileReference; fileEncoding = 4; lastKnownFileType = file.xib; name = GroupsCell.xib; path = Oritsubushi/GroupsCell.xib; sourceTree = "<group>"; };
		060DBAD01E02D12800CAE1CE /* GoogleService-Info.plist */ = {isa = PBXFileReference; fileEncoding = 4; lastKnownFileType = text.plist.xml; name = "GoogleService-Info.plist"; path = "Oritsubushi/GoogleService-Info.plist"; sourceTree = "<group>"; };
		060E921B148C340200002D81 /* DatabaseFilterTypes.h */ = {isa = PBXFileReference; fileEncoding = 4; lastKnownFileType = sourcecode.c.h; name = DatabaseFilterTypes.h; path = Oritsubushi/DatabaseFilterTypes.h; sourceTree = "<group>"; };
		060E921C148C340200002D81 /* DatabaseFilterTypes.m */ = {isa = PBXFileReference; fileEncoding = 4; lastKnownFileType = sourcecode.c.objc; name = DatabaseFilterTypes.m; path = Oritsubushi/DatabaseFilterTypes.m; sourceTree = "<group>"; };
		060E921E148C4F6500002D81 /* libxml2.dylib */ = {isa = PBXFileReference; lastKnownFileType = "compiled.mach-o.dylib"; name = libxml2.dylib; path = usr/lib/libxml2.dylib; sourceTree = SDKROOT; };
		0618FF6A17E9800700467C2D /* Icon-40.png */ = {isa = PBXFileReference; lastKnownFileType = image.png; name = "Icon-40.png"; path = "Oritsubushi/icon/Icon-40.png"; sourceTree = "<group>"; };
		06195EB814772D1600C97DB8 /* PlaceViewController.h */ = {isa = PBXFileReference; fileEncoding = 4; lastKnownFileType = sourcecode.c.h; name = PlaceViewController.h; path = Oritsubushi/PlaceViewController.h; sourceTree = "<group>"; };
		06195EB914772D1600C97DB8 /* PlaceViewController.m */ = {isa = PBXFileReference; fileEncoding = 4; lastKnownFileType = sourcecode.c.objc; name = PlaceViewController.m; path = Oritsubushi/PlaceViewController.m; sourceTree = "<group>"; };
		06195EBB14772D2A00C97DB8 /* YomiViewController.h */ = {isa = PBXFileReference; fileEncoding = 4; lastKnownFileType = sourcecode.c.h; name = YomiViewController.h; path = Oritsubushi/YomiViewController.h; sourceTree = "<group>"; };
		06195EBC14772D2A00C97DB8 /* YomiViewController.m */ = {isa = PBXFileReference; fileEncoding = 4; lastKnownFileType = sourcecode.c.objc; name = YomiViewController.m; path = Oritsubushi/YomiViewController.m; sourceTree = "<group>"; };
		06195ECE1477C7AF00C97DB8 /* Database.h */ = {isa = PBXFileReference; fileEncoding = 4; lastKnownFileType = sourcecode.c.h; name = Database.h; path = Oritsubushi/Database.h; sourceTree = "<group>"; };
		06195ECF1477C7AF00C97DB8 /* Database.m */ = {isa = PBXFileReference; fileEncoding = 4; lastKnownFileType = sourcecode.c.objc; name = Database.m; path = Oritsubushi/Database.m; sourceTree = "<group>"; };
		06195ED2147A5BD100C97DB8 /* oritsubushi.sqlite */ = {isa = PBXFileReference; lastKnownFileType = file; name = oritsubushi.sqlite; path = Oritsubushi/assets/oritsubushi.sqlite; sourceTree = "<group>"; };
		06195ED3147A5BD100C97DB8 /* tabicon_information.png */ = {isa = PBXFileReference; lastKnownFileType = image.png; name = tabicon_information.png; path = Oritsubushi/assets/tabicon_information.png; sourceTree = "<group>"; };
		06195ED4147A5BD100C97DB8 /* tabicon_map.png */ = {isa = PBXFileReference; lastKnownFileType = image.png; name = tabicon_map.png; path = Oritsubushi/assets/tabicon_map.png; sourceTree = "<group>"; };
		06195ED5147A5BD100C97DB8 /* tabicon_operator.png */ = {isa = PBXFileReference; lastKnownFileType = image.png; name = tabicon_operator.png; path = Oritsubushi/assets/tabicon_operator.png; sourceTree = "<group>"; };
		06195ED6147A5BD100C97DB8 /* tabicon_place.png */ = {isa = PBXFileReference; lastKnownFileType = image.png; name = tabicon_place.png; path = Oritsubushi/assets/tabicon_place.png; sourceTree = "<group>"; };
		06195ED7147A5BD100C97DB8 /* tabicon_settings.png */ = {isa = PBXFileReference; lastKnownFileType = image.png; name = tabicon_settings.png; path = Oritsubushi/assets/tabicon_settings.png; sourceTree = "<group>"; };
		06195ED8147A5BD100C97DB8 /* tabicon_sync.png */ = {isa = PBXFileReference; lastKnownFileType = image.png; name = tabicon_sync.png; path = Oritsubushi/assets/tabicon_sync.png; sourceTree = "<group>"; };
		06195ED9147A5BD100C97DB8 /* tabicon_yomi.png */ = {isa = PBXFileReference; lastKnownFileType = image.png; name = tabicon_yomi.png; path = Oritsubushi/assets/tabicon_yomi.png; sourceTree = "<group>"; };
		06195EE3147C67AF00C97DB8 /* SettingsViewController.h */ = {isa = PBXFileReference; fileEncoding = 4; lastKnownFileType = sourcecode.c.h; name = SettingsViewController.h; path = Oritsubushi/SettingsViewController.h; sourceTree = "<group>"; };
		06195EE4147C67AF00C97DB8 /* SettingsViewController.m */ = {isa = PBXFileReference; fileEncoding = 4; lastKnownFileType = sourcecode.c.objc; name = SettingsViewController.m; path = Oritsubushi/SettingsViewController.m; sourceTree = "<group>"; };
		06195EE6147C7AAA00C97DB8 /* NumberOfIconsViewController.h */ = {isa = PBXFileReference; fileEncoding = 4; lastKnownFileType = sourcecode.c.h; name = NumberOfIconsViewController.h; path = Oritsubushi/NumberOfIconsViewController.h; sourceTree = "<group>"; };
		06195EE7147C7AAA00C97DB8 /* NumberOfIconsViewController.m */ = {isa = PBXFileReference; fileEncoding = 4; lastKnownFileType = sourcecode.c.objc; name = NumberOfIconsViewController.m; path = Oritsubushi/NumberOfIconsViewController.m; sourceTree = "<group>"; };
		06195EEA147D157700C97DB8 /* Types.h */ = {isa = PBXFileReference; fileEncoding = 4; lastKnownFileType = sourcecode.c.h; name = Types.h; path = Oritsubushi/Types.h; sourceTree = "<group>"; };
		06195EEB147D1B7700C97DB8 /* Prefs.h */ = {isa = PBXFileReference; fileEncoding = 4; lastKnownFileType = sourcecode.c.h; name = Prefs.h; path = Oritsubushi/Prefs.h; sourceTree = "<group>"; };
		06195EEC147D1B7700C97DB8 /* Prefs.m */ = {isa = PBXFileReference; fileEncoding = 4; lastKnownFileType = sourcecode.c.objc; name = Prefs.m; path = Oritsubushi/Prefs.m; sourceTree = "<group>"; };
		06195EEE147D955900C97DB8 /* Operator.h */ = {isa = PBXFileReference; fileEncoding = 4; lastKnownFileType = sourcecode.c.h; name = Operator.h; path = Oritsubushi/Operator.h; sourceTree = "<group>"; };
		06195EEF147D955900C97DB8 /* Operator.m */ = {isa = PBXFileReference; fileEncoding = 4; lastKnownFileType = sourcecode.c.objc; name = Operator.m; path = Oritsubushi/Operator.m; sourceTree = "<group>"; };
		06195EF1147D961400C97DB8 /* Line.h */ = {isa = PBXFileReference; fileEncoding = 4; lastKnownFileType = sourcecode.c.h; name = Line.h; path = Oritsubushi/Line.h; sourceTree = "<group>"; };
		06195EF2147D961500C97DB8 /* Line.m */ = {isa = PBXFileReference; fileEncoding = 4; lastKnownFileType = sourcecode.c.objc; name = Line.m; path = Oritsubushi/Line.m; sourceTree = "<group>"; };
		06195EF4147D96BD00C97DB8 /* OperatorTypes.h */ = {isa = PBXFileReference; fileEncoding = 4; lastKnownFileType = sourcecode.c.h; name = OperatorTypes.h; path = Oritsubushi/OperatorTypes.h; sourceTree = "<group>"; };
		06195EF5147D96BD00C97DB8 /* OperatorTypes.m */ = {isa = PBXFileReference; fileEncoding = 4; lastKnownFileType = sourcecode.c.objc; name = OperatorTypes.m; path = Oritsubushi/OperatorTypes.m; sourceTree = "<group>"; };
		06195EF7147D9C1E00C97DB8 /* LineTypes.h */ = {isa = PBXFileReference; fileEncoding = 4; lastKnownFileType = sourcecode.c.h; name = LineTypes.h; path = Oritsubushi/LineTypes.h; sourceTree = "<group>"; };
		06195EF8147D9C1E00C97DB8 /* LineTypes.m */ = {isa = PBXFileReference; fileEncoding = 4; lastKnownFileType = sourcecode.c.objc; name = LineTypes.m; path = Oritsubushi/LineTypes.m; sourceTree = "<group>"; };
		06195F6E1480DBC900C97DB8 /* AnnotationView.h */ = {isa = PBXFileReference; fileEncoding = 4; lastKnownFileType = sourcecode.c.h; name = AnnotationView.h; path = Oritsubushi/AnnotationView.h; sourceTree = "<group>"; };
		06195F6F1480DBC900C97DB8 /* AnnotationView.m */ = {isa = PBXFileReference; fileEncoding = 4; lastKnownFileType = sourcecode.c.objc; name = AnnotationView.m; path = Oritsubushi/AnnotationView.m; sourceTree = "<group>"; };
		06195F7A14811F9000C97DB8 /* CoreLocation.framework */ = {isa = PBXFileReference; lastKnownFileType = wrapper.framework; name = CoreLocation.framework; path = System/Library/Frameworks/CoreLocation.framework; sourceTree = SDKROOT; };
		06195F7F148120E600C97DB8 /* libsqlite3.dylib */ = {isa = PBXFileReference; lastKnownFileType = "compiled.mach-o.dylib"; name = libsqlite3.dylib; path = usr/lib/libsqlite3.dylib; sourceTree = SDKROOT; };
		06195F811481309E00C97DB8 /* tabicon_information@2x.png */ = {isa = PBXFileReference; lastKnownFileType = image.png; name = "tabicon_information@2x.png"; path = "Oritsubushi/assets/tabicon_information@2x.png"; sourceTree = "<group>"; };
		06195F821481309E00C97DB8 /* tabicon_map@2x.png */ = {isa = PBXFileReference; lastKnownFileType = image.png; name = "tabicon_map@2x.png"; path = "Oritsubushi/assets/tabicon_map@2x.png"; sourceTree = "<group>"; };
		06195F831481309E00C97DB8 /* tabicon_operator@2x.png */ = {isa = PBXFileReference; lastKnownFileType = image.png; name = "tabicon_operator@2x.png"; path = "Oritsubushi/assets/tabicon_operator@2x.png"; sourceTree = "<group>"; };
		06195F841481309E00C97DB8 /* tabicon_place@2x.png */ = {isa = PBXFileReference; lastKnownFileType = image.png; name = "tabicon_place@2x.png"; path = "Oritsubushi/assets/tabicon_place@2x.png"; sourceTree = "<group>"; };
		06195F851481309E00C97DB8 /* tabicon_settings@2x.png */ = {isa = PBXFileReference; lastKnownFileType = image.png; name = "tabicon_settings@2x.png"; path = "Oritsubushi/assets/tabicon_settings@2x.png"; sourceTree = "<group>"; };
		06195F861481309E00C97DB8 /* tabicon_sync@2x.png */ = {isa = PBXFileReference; lastKnownFileType = image.png; name = "tabicon_sync@2x.png"; path = "Oritsubushi/assets/tabicon_sync@2x.png"; sourceTree = "<group>"; };
		06195F871481309E00C97DB8 /* tabicon_yomi@2x.png */ = {isa = PBXFileReference; lastKnownFileType = image.png; name = "tabicon_yomi@2x.png"; path = "Oritsubushi/assets/tabicon_yomi@2x.png"; sourceTree = "<group>"; };
		06230581161C765100438213 /* CompletionDateViewController.h */ = {isa = PBXFileReference; fileEncoding = 4; lastKnownFileType = sourcecode.c.h; name = CompletionDateViewController.h; path = Oritsubushi/CompletionDateViewController.h; sourceTree = "<group>"; };
		06230582161C765100438213 /* CompletionDateViewController.m */ = {isa = PBXFileReference; fileEncoding = 4; lastKnownFileType = sourcecode.c.objc; name = CompletionDateViewController.m; path = Oritsubushi/CompletionDateViewController.m; sourceTree = "<group>"; };
		0627292C148EF5A800BB3B58 /* libz.dylib */ = {isa = PBXFileReference; lastKnownFileType = "compiled.mach-o.dylib"; name = libz.dylib; path = usr/lib/libz.dylib; sourceTree = SDKROOT; };
		0627292E148EF5B800BB3B58 /* CFNetwork.framework */ = {isa = PBXFileReference; lastKnownFileType = wrapper.framework; name = CFNetwork.framework; path = System/Library/Frameworks/CFNetwork.framework; sourceTree = SDKROOT; };
		06272930148EF97100BB3B58 /* SystemConfiguration.framework */ = {isa = PBXFileReference; lastKnownFileType = wrapper.framework; name = SystemConfiguration.framework; path = System/Library/Frameworks/SystemConfiguration.framework; sourceTree = SDKROOT; };
		06272932148EF9C300BB3B58 /* MobileCoreServices.framework */ = {isa = PBXFileReference; lastKnownFileType = wrapper.framework; name = MobileCoreServices.framework; path = System/Library/Frameworks/MobileCoreServices.framework; sourceTree = SDKROOT; };
		063B50DE1DE877F8009156AC /* MapTableViewCell.xib */ = {isa = PBXFileReference; fileEncoding = 4; lastKnownFileType = file.xib; name = MapTableViewCell.xib; path = Oritsubushi/MapTableViewCell.xib; sourceTree = "<group>"; };
		064D466914882E6600066924 /* Group.h */ = {isa = PBXFileReference; fileEncoding = 4; lastKnownFileType = sourcecode.c.h; name = Group.h; path = Oritsubushi/Group.h; sourceTree = "<group>"; };
		064D466A14882E6600066924 /* Group.m */ = {isa = PBXFileReference; fileEncoding = 4; lastKnownFileType = sourcecode.c.objc; name = Group.m; path = Oritsubushi/Group.m; sourceTree = "<group>"; };
		064D4674148838D600066924 /* GroupsViewController.h */ = {isa = PBXFileReference; fileEncoding = 4; lastKnownFileType = sourcecode.c.h; name = GroupsViewController.h; path = Oritsubushi/GroupsViewController.h; sourceTree = "<group>"; };
		064D4675148838D600066924 /* GroupsViewController.m */ = {isa = PBXFileReference; fileEncoding = 4; lastKnownFileType = sourcecode.c.objc; name = GroupsViewController.m; path = Oritsubushi/GroupsViewController.m; sourceTree = "<group>"; };
		064D467814884A5E00066924 /* LinesViewControllers.h */ = {isa = PBXFileReference; fileEncoding = 4; lastKnownFileType = sourcecode.c.h; name = LinesViewControllers.h; path = Oritsubushi/LinesViewControllers.h; sourceTree = "<group>"; };
		064D467914884A5E00066924 /* LinesViewControllers.m */ = {isa = PBXFileReference; fileEncoding = 4; lastKnownFileType = sourcecode.c.objc; name = LinesViewControllers.m; path = Oritsubushi/LinesViewControllers.m; sourceTree = "<group>"; };
		064D467F1488B3C000066924 /* StationsViewControllers.h */ = {isa = PBXFileReference; fileEncoding = 4; lastKnownFileType = sourcecode.c.h; name = StationsViewControllers.h; path = Oritsubushi/StationsViewControllers.h; sourceTree = "<group>"; };
		064D46801488B3C000066924 /* StationsViewControllers.m */ = {isa = PBXFileReference; fileEncoding = 4; lastKnownFileType = sourcecode.c.objc; name = StationsViewControllers.m; path = Oritsubushi/StationsViewControllers.m; sourceTree = "<group>"; };
		065207091AAACE5200C7A4DF /* DatabaseVersion.c */ = {isa = PBXFileReference; fileEncoding = 4; lastKnownFileType = sourcecode.c.c; path = DatabaseVersion.c; sourceTree = "<group>"; };
		065C0F72148A7980001D443C /* LoadingView.h */ = {isa = PBXFileReference; fileEncoding = 4; lastKnownFileType = sourcecode.c.h; name = LoadingView.h; path = Oritsubushi/LoadingView.h; sourceTree = "<group>"; };
		065C0F73148A7980001D443C /* LoadingView.m */ = {isa = PBXFileReference; fileEncoding = 4; lastKnownFileType = sourcecode.c.objc; name = LoadingView.m; path = Oritsubushi/LoadingView.m; sourceTree = "<group>"; };
		06661F0B17E885B200861C52 /* PlaceSelectViewController.h */ = {isa = PBXFileReference; fileEncoding = 4; lastKnownFileType = sourcecode.c.h; name = PlaceSelectViewController.h; path = Oritsubushi/PlaceSelectViewController.h; sourceTree = "<group>"; };
		06661F0C17E885B200861C52 /* PlaceSelectViewController.m */ = {isa = PBXFileReference; fileEncoding = 4; lastKnownFileType = sourcecode.c.objc; name = PlaceSelectViewController.m; path = Oritsubushi/PlaceSelectViewController.m; sourceTree = "<group>"; };
		06661F0D17E885B200861C52 /* PlaceSelectViewController.xib */ = {isa = PBXFileReference; fileEncoding = 4; lastKnownFileType = file.xib; name = PlaceSelectViewController.xib; path = Oritsubushi/PlaceSelectViewController.xib; sourceTree = "<group>"; };
		06661F2117E93E8B00861C52 /* SyncViewController7.xib */ = {isa = PBXFileReference; fileEncoding = 4; lastKnownFileType = file.xib; name = SyncViewController7.xib; path = Oritsubushi/SyncViewController7.xib; sourceTree = "<group>"; };
		067241671485BA0100B49CCC /* statusicon_comp@2x.png */ = {isa = PBXFileReference; lastKnownFileType = image.png; name = "statusicon_comp@2x.png"; path = "Oritsubushi/assets/statusicon_comp@2x.png"; sourceTree = "<group>"; };
		067241681485BA0100B49CCC /* statusicon_incomp@2x.png */ = {isa = PBXFileReference; lastKnownFileType = image.png; name = "statusicon_incomp@2x.png"; path = "Oritsubushi/assets/statusicon_incomp@2x.png"; sourceTree = "<group>"; };
		0677CAF417E97B7D00994164 /* Icon@2x.png */ = {isa = PBXFileReference; lastKnownFileType = image.png; name = "Icon@2x.png"; path = "Oritsubushi/icon/Icon@2x.png"; sourceTree = "<group>"; };
		0685479B1E02DCB900C70A6E /* Oritsubushi.entitlements */ = {isa = PBXFileReference; lastKnownFileType = text.plist.entitlements; path = Oritsubushi.entitlements; sourceTree = "<group>"; };
		06973267148D25D10042F3D5 /* SyncViewController.h */ = {isa = PBXFileReference; fileEncoding = 4; lastKnownFileType = sourcecode.c.h; name = SyncViewController.h; path = Oritsubushi/SyncViewController.h; sourceTree = "<group>"; };
		06973268148D25D10042F3D5 /* SyncViewController.m */ = {isa = PBXFileReference; fileEncoding = 4; lastKnownFileType = sourcecode.c.objc; name = SyncViewController.m; path = Oritsubushi/SyncViewController.m; sourceTree = "<group>"; };
		06A564981482FCEC001A041D /* Default.png */ = {isa = PBXFileReference; lastKnownFileType = image.png; name = Default.png; path = Oritsubushi/Default.png; sourceTree = "<group>"; };
		06A564991482FCEC001A041D /* Default@2x.png */ = {isa = PBXFileReference; lastKnownFileType = image.png; name = "Default@2x.png"; path = "Oritsubushi/Default@2x.png"; sourceTree = "<group>"; };
		06A564AD1483B5ED001A041D /* InformationViewController.h */ = {isa = PBXFileReference; fileEncoding = 4; lastKnownFileType = sourcecode.c.h; name = InformationViewController.h; path = Oritsubushi/InformationViewController.h; sourceTree = "<group>"; };
		06A564AE1483B5ED001A041D /* InformationViewController.m */ = {isa = PBXFileReference; fileEncoding = 4; lastKnownFileType = sourcecode.c.objc; name = InformationViewController.m; path = Oritsubushi/InformationViewController.m; sourceTree = "<group>"; };
		06A564B31484597C001A041D /* StationInformationViewController.h */ = {isa = PBXFileReference; fileEncoding = 4; lastKnownFileType = sourcecode.c.h; name = StationInformationViewController.h; path = Oritsubushi/StationInformationViewController.h; sourceTree = "<group>"; };
		06A564B41484597C001A041D /* StationInformationViewController.m */ = {isa = PBXFileReference; fileEncoding = 4; lastKnownFileType = sourcecode.c.objc; name = StationInformationViewController.m; path = Oritsubushi/StationInformationViewController.m; sourceTree = "<group>"; };
		06A564B51484597C001A041D /* StationInformationViewController.xib */ = {isa = PBXFileReference; fileEncoding = 4; lastKnownFileType = file.xib; name = StationInformationViewController.xib; path = Oritsubushi/StationInformationViewController.xib; sourceTree = "<group>"; };
		06B1C3CE1498132A00E8462B /* NSFileHandle+TextReader.h */ = {isa = PBXFileReference; fileEncoding = 4; lastKnownFileType = sourcecode.c.h; name = "NSFileHandle+TextReader.h"; path = "Oritsubushi/NSFileHandle+TextReader.h"; sourceTree = "<group>"; };
		06B1C3CF1498132A00E8462B /* NSFileHandle+TextReader.m */ = {isa = PBXFileReference; fileEncoding = 4; lastKnownFileType = sourcecode.c.objc; name = "NSFileHandle+TextReader.m"; path = "Oritsubushi/NSFileHandle+TextReader.m"; sourceTree = "<group>"; };
		06B1C3D214981ABD00E8462B /* NSString+CountSubstrings.h */ = {isa = PBXFileReference; fileEncoding = 4; lastKnownFileType = sourcecode.c.h; name = "NSString+CountSubstrings.h"; path = "Oritsubushi/NSString+CountSubstrings.h"; sourceTree = "<group>"; };
		06B1C3D314981ABD00E8462B /* NSString+CountSubstrings.m */ = {isa = PBXFileReference; fileEncoding = 4; lastKnownFileType = sourcecode.c.objc; name = "NSString+CountSubstrings.m"; path = "Oritsubushi/NSString+CountSubstrings.m"; sourceTree = "<group>"; };
		06B3AD571E595DC100D6AD56 /* PpVersion.h */ = {isa = PBXFileReference; lastKnownFileType = sourcecode.c.h; path = PpVersion.h; sourceTree = "<group>"; };
		06B4BDF5145F639E00F57858 /* Oritsubushi.app */ = {isa = PBXFileReference; explicitFileType = wrapper.application; includeInIndex = 0; path = Oritsubushi.app; sourceTree = BUILT_PRODUCTS_DIR; };
		06B4BDF9145F639E00F57858 /* UIKit.framework */ = {isa = PBXFileReference; lastKnownFileType = wrapper.framework; name = UIKit.framework; path = System/Library/Frameworks/UIKit.framework; sourceTree = SDKROOT; };
		06B4BDFB145F639E00F57858 /* Foundation.framework */ = {isa = PBXFileReference; lastKnownFileType = wrapper.framework; name = Foundation.framework; path = System/Library/Frameworks/Foundation.framework; sourceTree = SDKROOT; };
		06B4BDFD145F639E00F57858 /* CoreGraphics.framework */ = {isa = PBXFileReference; lastKnownFileType = wrapper.framework; name = CoreGraphics.framework; path = System/Library/Frameworks/CoreGraphics.framework; sourceTree = SDKROOT; };
		06B4BE01145F639E00F57858 /* Oritsubushi-Info.plist */ = {isa = PBXFileReference; lastKnownFileType = text.plist.xml; path = "Oritsubushi-Info.plist"; sourceTree = "<group>"; };
		06B4BE03145F639E00F57858 /* en */ = {isa = PBXFileReference; lastKnownFileType = text.plist.strings; name = en; path = en.lproj/InfoPlist.strings; sourceTree = "<group>"; };
		06B4BE05145F639E00F57858 /* main.m */ = {isa = PBXFileReference; lastKnownFileType = sourcecode.c.objc; path = main.m; sourceTree = "<group>"; };
		06B4BE07145F639E00F57858 /* Oritsubushi-Prefix.pch */ = {isa = PBXFileReference; lastKnownFileType = sourcecode.c.h; path = "Oritsubushi-Prefix.pch"; sourceTree = "<group>"; };
		06B4BE08145F639E00F57858 /* AppDelegate.h */ = {isa = PBXFileReference; lastKnownFileType = sourcecode.c.h; path = AppDelegate.h; sourceTree = "<group>"; };
		06B4BE09145F639E00F57858 /* AppDelegate.m */ = {isa = PBXFileReference; lastKnownFileType = sourcecode.c.objc; path = AppDelegate.m; sourceTree = "<group>"; };
		06B4BE10145F63F200F57858 /* Station.h */ = {isa = PBXFileReference; fileEncoding = 4; lastKnownFileType = sourcecode.c.h; name = Station.h; path = Oritsubushi/Station.h; sourceTree = "<group>"; };
		06B4BE11145F63F200F57858 /* Station.m */ = {isa = PBXFileReference; fileEncoding = 4; lastKnownFileType = sourcecode.c.objc; name = Station.m; path = Oritsubushi/Station.m; sourceTree = "<group>"; };
		06B4BE12145F63F200F57858 /* MapView.h */ = {isa = PBXFileReference; fileEncoding = 4; lastKnownFileType = sourcecode.c.h; name = MapView.h; path = Oritsubushi/MapView.h; sourceTree = "<group>"; };
		06B4BE13145F63F200F57858 /* MapView.m */ = {isa = PBXFileReference; fileEncoding = 4; lastKnownFileType = sourcecode.c.objc; name = MapView.m; path = Oritsubushi/MapView.m; sourceTree = "<group>"; };
		06B4BE14145F63F200F57858 /* MapViewController.h */ = {isa = PBXFileReference; fileEncoding = 4; lastKnownFileType = sourcecode.c.h; name = MapViewController.h; path = Oritsubushi/MapViewController.h; sourceTree = "<group>"; };
		06B4BE15145F63F200F57858 /* MapViewController.m */ = {isa = PBXFileReference; fileEncoding = 4; lastKnownFileType = sourcecode.c.objc; name = MapViewController.m; path = Oritsubushi/MapViewController.m; sourceTree = "<group>"; };
		06B4BE19145F640300F57858 /* ja */ = {isa = PBXFileReference; lastKnownFileType = text.plist.strings; name = ja; path = ja.lproj/InfoPlist.strings; sourceTree = "<group>"; };
		06B4BEAC14618FBF00F57858 /* MapKit.framework */ = {isa = PBXFileReference; lastKnownFileType = wrapper.framework; name = MapKit.framework; path = System/Library/Frameworks/MapKit.framework; sourceTree = SDKROOT; };
		06B4BEAF146199E000F57858 /* Consts.h */ = {isa = PBXFileReference; fileEncoding = 4; lastKnownFileType = sourcecode.c.h; path = Consts.h; sourceTree = "<group>"; };
		06B4BEBC1464B29800F57858 /* SearchBar.h */ = {isa = PBXFileReference; fileEncoding = 4; lastKnownFileType = sourcecode.c.h; name = SearchBar.h; path = Oritsubushi/SearchBar.h; sourceTree = "<group>"; };
		06B4BEBD1464B29800F57858 /* SearchBar.m */ = {isa = PBXFileReference; fileEncoding = 4; lastKnownFileType = sourcecode.c.objc; name = SearchBar.m; path = Oritsubushi/SearchBar.m; sourceTree = "<group>"; };
		06B4BEBF1466911300F57858 /* MapWrapper.h */ = {isa = PBXFileReference; fileEncoding = 4; lastKnownFileType = sourcecode.c.h; name = MapWrapper.h; path = Oritsubushi/MapWrapper.h; sourceTree = "<group>"; };
		06B4BEC01466911300F57858 /* MapWrapper.m */ = {isa = PBXFileReference; fileEncoding = 4; lastKnownFileType = sourcecode.c.objc; name = MapWrapper.m; path = Oritsubushi/MapWrapper.m; sourceTree = "<group>"; };
		06BDC70817E96E160024BCB0 /* Icon-76@2x.png */ = {isa = PBXFileReference; lastKnownFileType = image.png; name = "Icon-76@2x.png"; path = "Oritsubushi/icon/Icon-76@2x.png"; sourceTree = "<group>"; };
		06BDC70A17E96E160024BCB0 /* Icon-76.png */ = {isa = PBXFileReference; lastKnownFileType = image.png; name = "Icon-76.png"; path = "Oritsubushi/icon/Icon-76.png"; sourceTree = "<group>"; };
		06BDC70B17E96E160024BCB0 /* Icon.png */ = {isa = PBXFileReference; lastKnownFileType = image.png; name = Icon.png; path = Oritsubushi/icon/Icon.png; sourceTree = "<group>"; };
		06BDC70C17E96E160024BCB0 /* Icon-Small-50.png */ = {isa = PBXFileReference; lastKnownFileType = image.png; name = "Icon-Small-50.png"; path = "Oritsubushi/icon/Icon-Small-50.png"; sourceTree = "<group>"; };
		06BDC70E17E96E160024BCB0 /* Icon-Small@2x.png */ = {isa = PBXFileReference; lastKnownFileType = image.png; name = "Icon-Small@2x.png"; path = "Oritsubushi/icon/Icon-Small@2x.png"; sourceTree = "<group>"; };
		06BDC70F17E96E160024BCB0 /* Icon-72.png */ = {isa = PBXFileReference; lastKnownFileType = image.png; name = "Icon-72.png"; path = "Oritsubushi/icon/Icon-72.png"; sourceTree = "<group>"; };
		06BDC71017E96E160024BCB0 /* Icon-Small.png */ = {isa = PBXFileReference; lastKnownFileType = image.png; name = "Icon-Small.png"; path = "Oritsubushi/icon/Icon-Small.png"; sourceTree = "<group>"; };
		06BDC7FE17E96FE70024BCB0 /* Icon-40@2x.png */ = {isa = PBXFileReference; lastKnownFileType = image.png; name = "Icon-40@2x.png"; path = "Oritsubushi/icon/Icon-40@2x.png"; sourceTree = "<group>"; };
		06C5B68A1489CBEB008BA7C2 /* GoogleMapsLocation.h */ = {isa = PBXFileReference; fileEncoding = 4; lastKnownFileType = sourcecode.c.h; name = GoogleMapsLocation.h; path = Oritsubushi/GoogleMapsLocation.h; sourceTree = "<group>"; };
		06C5B68B1489CBEB008BA7C2 /* GoogleMapsLocation.m */ = {isa = PBXFileReference; fileEncoding = 4; lastKnownFileType = sourcecode.c.objc; name = GoogleMapsLocation.m; path = Oritsubushi/GoogleMapsLocation.m; sourceTree = "<group>"; };
		06C5B68D1489CC10008BA7C2 /* GoogleMapsService.h */ = {isa = PBXFileReference; fileEncoding = 4; lastKnownFileType = sourcecode.c.h; name = GoogleMapsService.h; path = Oritsubushi/GoogleMapsService.h; sourceTree = "<group>"; };
		06C5B68E1489CC10008BA7C2 /* GoogleMapsService.m */ = {isa = PBXFileReference; fileEncoding = 4; lastKnownFileType = sourcecode.c.objc; name = GoogleMapsService.m; path = Oritsubushi/GoogleMapsService.m; sourceTree = "<group>"; };
		06C5B6931489D3E1008BA7C2 /* ShowHideAnimationProtocol.h */ = {isa = PBXFileReference; fileEncoding = 4; lastKnownFileType = sourcecode.c.h; name = ShowHideAnimationProtocol.h; path = Oritsubushi/ShowHideAnimationProtocol.h; sourceTree = "<group>"; };
		06C5B6941489D4C0008BA7C2 /* SearchScopeBar.h */ = {isa = PBXFileReference; fileEncoding = 4; lastKnownFileType = sourcecode.c.h; name = SearchScopeBar.h; path = Oritsubushi/SearchScopeBar.h; sourceTree = "<group>"; };
		06C5B6951489D4C0008BA7C2 /* SearchScopeBar.m */ = {isa = PBXFileReference; fileEncoding = 4; lastKnownFileType = sourcecode.c.objc; name = SearchScopeBar.m; path = Oritsubushi/SearchScopeBar.m; sourceTree = "<group>"; };
		06C73F151486E44C002AEB71 /* Misc.h */ = {isa = PBXFileReference; fileEncoding = 4; lastKnownFileType = sourcecode.c.h; name = Misc.h; path = Oritsubushi/Misc.h; sourceTree = "<group>"; };
		06C73F161486E44C002AEB71 /* Misc.m */ = {isa = PBXFileReference; fileEncoding = 4; lastKnownFileType = sourcecode.c.objc; name = Misc.m; path = Oritsubushi/Misc.m; sourceTree = "<group>"; };
		06C73F181486F530002AEB71 /* MemoViewController.h */ = {isa = PBXFileReference; fileEncoding = 4; lastKnownFileType = sourcecode.c.h; name = MemoViewController.h; path = Oritsubushi/MemoViewController.h; sourceTree = "<group>"; };
		06C73F191486F530002AEB71 /* MemoViewController.m */ = {isa = PBXFileReference; fileEncoding = 4; lastKnownFileType = sourcecode.c.objc; name = MemoViewController.m; path = Oritsubushi/MemoViewController.m; sourceTree = "<group>"; };
		06C73F1A1486F530002AEB71 /* MemoViewController.xib */ = {isa = PBXFileReference; fileEncoding = 4; lastKnownFileType = file.xib; name = MemoViewController.xib; path = Oritsubushi/MemoViewController.xib; sourceTree = "<group>"; };
		06C73F2214870907002AEB71 /* CompletionViewController.h */ = {isa = PBXFileReference; fileEncoding = 4; lastKnownFileType = sourcecode.c.h; name = CompletionViewController.h; path = Oritsubushi/CompletionViewController.h; sourceTree = "<group>"; };
		06C73F2314870907002AEB71 /* CompletionViewController.m */ = {isa = PBXFileReference; fileEncoding = 4; lastKnownFileType = sourcecode.c.objc; name = CompletionViewController.m; path = Oritsubushi/CompletionViewController.m; sourceTree = "<group>"; };
		06C73F2A14872DBD002AEB71 /* Settings.h */ = {isa = PBXFileReference; fileEncoding = 4; lastKnownFileType = sourcecode.c.h; path = Settings.h; sourceTree = "<group>"; };
		06C73F2B14877E98002AEB71 /* statusicon_comp.png */ = {isa = PBXFileReference; lastKnownFileType = image.png; name = statusicon_comp.png; path = Oritsubushi/assets/statusicon_comp.png; sourceTree = "<group>"; };
		06C73F2C14877E98002AEB71 /* statusicon_incomp.png */ = {isa = PBXFileReference; lastKnownFileType = image.png; name = statusicon_incomp.png; path = Oritsubushi/assets/statusicon_incomp.png; sourceTree = "<group>"; };
		06CA69EE14B50B8B008C5F43 /* statusicon_notload.png */ = {isa = PBXFileReference; lastKnownFileType = image.png; name = statusicon_notload.png; path = Oritsubushi/assets/statusicon_notload.png; sourceTree = "<group>"; };
		06CA69EF14B50B8B008C5F43 /* statusicon_notload@2x.png */ = {isa = PBXFileReference; lastKnownFileType = image.png; name = "statusicon_notload@2x.png"; path = "Oritsubushi/assets/statusicon_notload@2x.png"; sourceTree = "<group>"; };
		06CA69F714C0A3DB008C5F43 /* DatabaseVersion.h */ = {isa = PBXFileReference; fileEncoding = 4; lastKnownFileType = sourcecode.c.h; path = DatabaseVersion.h; sourceTree = "<group>"; };
		06CC92B917E1C319000DB811 /* CompletionViewController7.xib */ = {isa = PBXFileReference; fileEncoding = 4; lastKnownFileType = file.xib; name = CompletionViewController7.xib; path = Oritsubushi/CompletionViewController7.xib; sourceTree = "<group>"; };
		06F194681E002445004303F7 /* FMDBHelper.h */ = {isa = PBXFileReference; fileEncoding = 4; lastKnownFileType = sourcecode.c.h; name = FMDBHelper.h; path = Oritsubushi/FMDBHelper.h; sourceTree = "<group>"; };
		06F194691E002445004303F7 /* FMDBHelper.m */ = {isa = PBXFileReference; fileEncoding = 4; lastKnownFileType = sourcecode.c.objc; name = FMDBHelper.m; path = Oritsubushi/FMDBHelper.m; sourceTree = "<group>"; };
		06F5A0DF17E2D00800AD7AA5 /* QuartzCore.framework */ = {isa = PBXFileReference; lastKnownFileType = wrapper.framework; name = QuartzCore.framework; path = System/Library/Frameworks/QuartzCore.framework; sourceTree = SDKROOT; };
		06F5A0E117E2D02F00AD7AA5 /* Accelerate.framework */ = {isa = PBXFileReference; lastKnownFileType = wrapper.framework; name = Accelerate.framework; path = System/Library/Frameworks/Accelerate.framework; sourceTree = SDKROOT; };
		06FDE1E21609E3EC00EABCB0 /* Default-568h@2x.png */ = {isa = PBXFileReference; lastKnownFileType = image.png; name = "Default-568h@2x.png"; path = "Oritsubushi/Default-568h@2x.png"; sourceTree = "<group>"; };
		459F01387D3CB10AE96D575D /* libPods-Oritsubushi.a */ = {isa = PBXFileReference; explicitFileType = archive.ar; includeInIndex = 0; path = "libPods-Oritsubushi.a"; sourceTree = BUILT_PRODUCTS_DIR; };
		B31E81EAF84CB05AC93E20DB /* Pods-Oritsubushi.debug.xcconfig */ = {isa = PBXFileReference; includeInIndex = 1; lastKnownFileType = text.xcconfig; name = "Pods-Oritsubushi.debug.xcconfig"; path = "Pods/Target Support Files/Pods-Oritsubushi/Pods-Oritsubushi.debug.xcconfig"; sourceTree = "<group>"; };
		E35E60C5FD9338A92C105DAC /* Pods-Oritsubushi.release.xcconfig */ = {isa = PBXFileReference; includeInIndex = 1; lastKnownFileType = text.xcconfig; name = "Pods-Oritsubushi.release.xcconfig"; path = "Pods/Target Support Files/Pods-Oritsubushi/Pods-Oritsubushi.release.xcconfig"; sourceTree = "<group>"; };
/* End PBXFileReference section */

/* Begin PBXFrameworksBuildPhase section */
		06B4BDF2145F639E00F57858 /* Frameworks */ = {
			isa = PBXFrameworksBuildPhase;
			buildActionMask = 2147483647;
			files = (
				06F5A0E217E2D02F00AD7AA5 /* Accelerate.framework in Frameworks */,
				06F5A0E017E2D00900AD7AA5 /* QuartzCore.framework in Frameworks */,
				06272933148EF9C400BB3B58 /* MobileCoreServices.framework in Frameworks */,
				06272931148EF97100BB3B58 /* SystemConfiguration.framework in Frameworks */,
				0627292D148EF5A800BB3B58 /* libz.dylib in Frameworks */,
				060E921F148C4F6600002D81 /* libxml2.dylib in Frameworks */,
				06195F80148120E600C97DB8 /* libsqlite3.dylib in Frameworks */,
				0627292F148EF5B800BB3B58 /* CFNetwork.framework in Frameworks */,
				06195F7B14811F9000C97DB8 /* CoreLocation.framework in Frameworks */,
				06B4BEAD14618FBF00F57858 /* MapKit.framework in Frameworks */,
				06B4BDFA145F639E00F57858 /* UIKit.framework in Frameworks */,
				06B4BDFC145F639E00F57858 /* Foundation.framework in Frameworks */,
				06B4BDFE145F639E00F57858 /* CoreGraphics.framework in Frameworks */,
				90652D3D326D392E25B5F356 /* libPods-Oritsubushi.a in Frameworks */,
			);
			runOnlyForDeploymentPostprocessing = 0;
		};
/* End PBXFrameworksBuildPhase section */

/* Begin PBXGroup section */
		060DBACF1E02D11600CAE1CE /* Firebase */ = {
			isa = PBXGroup;
			children = (
				060DBAD01E02D12800CAE1CE /* GoogleService-Info.plist */,
			);
			name = Firebase;
			sourceTree = "<group>";
		};
		06195EB714772CCE00C97DB8 /* View Controllers */ = {
			isa = PBXGroup;
			children = (
				06B4BE14145F63F200F57858 /* MapViewController.h */,
				06B4BE15145F63F200F57858 /* MapViewController.m */,
				063B50DE1DE877F8009156AC /* MapTableViewCell.xib */,
				064D467714884A2100066924 /* Verbose */,
				064D467E14889A1300066924 /* List */,
				06A564AD1483B5ED001A041D /* InformationViewController.h */,
				06A564AE1483B5ED001A041D /* InformationViewController.m */,
				06973267148D25D10042F3D5 /* SyncViewController.h */,
				06973268148D25D10042F3D5 /* SyncViewController.m */,
				06661F2117E93E8B00861C52 /* SyncViewController7.xib */,
				065C0F75148B2535001D443C /* Settings */,
			);
			name = "View Controllers";
			sourceTree = "<group>";
		};
		06195F6C147F096300C97DB8 /* Database & Loaded Objects */ = {
			isa = PBXGroup;
			children = (
				06F194681E002445004303F7 /* FMDBHelper.h */,
				06F194691E002445004303F7 /* FMDBHelper.m */,
				06195ECE1477C7AF00C97DB8 /* Database.h */,
				06195ECF1477C7AF00C97DB8 /* Database.m */,
				06195EEE147D955900C97DB8 /* Operator.h */,
				06195EEF147D955900C97DB8 /* Operator.m */,
				06195EF1147D961400C97DB8 /* Line.h */,
				06195EF2147D961500C97DB8 /* Line.m */,
				06B4BE10145F63F200F57858 /* Station.h */,
				06B4BE11145F63F200F57858 /* Station.m */,
				064D466914882E6600066924 /* Group.h */,
				064D466A14882E6600066924 /* Group.m */,
				060258411623A9E7007184F4 /* CompletionDateGroup.h */,
				060258421623A9E7007184F4 /* CompletionDateGroup.m */,
			);
			name = "Database & Loaded Objects";
			sourceTree = "<group>";
		};
		064D467714884A2100066924 /* Verbose */ = {
			isa = PBXGroup;
			children = (
				06A564B31484597C001A041D /* StationInformationViewController.h */,
				06A564B41484597C001A041D /* StationInformationViewController.m */,
				06A564B51484597C001A041D /* StationInformationViewController.xib */,
				06C73F2214870907002AEB71 /* CompletionViewController.h */,
				06C73F2314870907002AEB71 /* CompletionViewController.m */,
				06CC92B917E1C319000DB811 /* CompletionViewController7.xib */,
				06C73F181486F530002AEB71 /* MemoViewController.h */,
				06C73F191486F530002AEB71 /* MemoViewController.m */,
				06C73F1A1486F530002AEB71 /* MemoViewController.xib */,
			);
			name = Verbose;
			sourceTree = "<group>";
		};
		064D467E14889A1300066924 /* List */ = {
			isa = PBXGroup;
			children = (
				0606395B149F737000B454BC /* GroupsCell.xib */,
				064D4674148838D600066924 /* GroupsViewController.h */,
				064D4675148838D600066924 /* GroupsViewController.m */,
				064D467F1488B3C000066924 /* StationsViewControllers.h */,
				064D46801488B3C000066924 /* StationsViewControllers.m */,
				064D467814884A5E00066924 /* LinesViewControllers.h */,
				064D467914884A5E00066924 /* LinesViewControllers.m */,
				06195EB814772D1600C97DB8 /* PlaceViewController.h */,
				06195EB914772D1600C97DB8 /* PlaceViewController.m */,
				06195EBB14772D2A00C97DB8 /* YomiViewController.h */,
				06195EBC14772D2A00C97DB8 /* YomiViewController.m */,
				06230581161C765100438213 /* CompletionDateViewController.h */,
				06230582161C765100438213 /* CompletionDateViewController.m */,
			);
			name = List;
			sourceTree = "<group>";
		};
		065C0F75148B2535001D443C /* Settings */ = {
			isa = PBXGroup;
			children = (
				06195EE3147C67AF00C97DB8 /* SettingsViewController.h */,
				06195EE4147C67AF00C97DB8 /* SettingsViewController.m */,
				06195EE6147C7AAA00C97DB8 /* NumberOfIconsViewController.h */,
				06195EE7147C7AAA00C97DB8 /* NumberOfIconsViewController.m */,
			);
			name = Settings;
			sourceTree = "<group>";
		};
		06B4BDEA145F639E00F57858 = {
			isa = PBXGroup;
			children = (
				060DBACF1E02D11600CAE1CE /* Firebase */,
				06B4BDFF145F639E00F57858 /* Oritsubushi */,
				06195F6C147F096300C97DB8 /* Database & Loaded Objects */,
				06195EB714772CCE00C97DB8 /* View Controllers */,
				06B4BEB514648DD300F57858 /* UI Controls & Views */,
				06C5B6861489CBAC008BA7C2 /* Google Maps */,
				06B4BEC214701FD300F57858 /* Assets */,
				06B4BEB214648D8F00F57858 /* Miscs */,
				06B4BDF8145F639E00F57858 /* Frameworks */,
				06B4BDF6145F639E00F57858 /* Products */,
				6BA9F327D7ABF0385D2AE801 /* Pods */,
			);
			sourceTree = "<group>";
		};
		06B4BDF6145F639E00F57858 /* Products */ = {
			isa = PBXGroup;
			children = (
				06B4BDF5145F639E00F57858 /* Oritsubushi.app */,
			);
			name = Products;
			sourceTree = "<group>";
		};
		06B4BDF8145F639E00F57858 /* Frameworks */ = {
			isa = PBXGroup;
			children = (
				06F5A0E117E2D02F00AD7AA5 /* Accelerate.framework */,
				06F5A0DF17E2D00800AD7AA5 /* QuartzCore.framework */,
				0627292E148EF5B800BB3B58 /* CFNetwork.framework */,
				0627292C148EF5A800BB3B58 /* libz.dylib */,
				06195F7F148120E600C97DB8 /* libsqlite3.dylib */,
				06272932148EF9C300BB3B58 /* MobileCoreServices.framework */,
				060E921E148C4F6500002D81 /* libxml2.dylib */,
				06272930148EF97100BB3B58 /* SystemConfiguration.framework */,
				06195F7A14811F9000C97DB8 /* CoreLocation.framework */,
				06B4BEAC14618FBF00F57858 /* MapKit.framework */,
				06B4BDF9145F639E00F57858 /* UIKit.framework */,
				06B4BDFB145F639E00F57858 /* Foundation.framework */,
				06B4BDFD145F639E00F57858 /* CoreGraphics.framework */,
				459F01387D3CB10AE96D575D /* libPods-Oritsubushi.a */,
			);
			name = Frameworks;
			sourceTree = "<group>";
		};
		06B4BDFF145F639E00F57858 /* Oritsubushi */ = {
			isa = PBXGroup;
			children = (
				0685479B1E02DCB900C70A6E /* Oritsubushi.entitlements */,
				06B4BEAF146199E000F57858 /* Consts.h */,
				06B3AD571E595DC100D6AD56 /* PpVersion.h */,
				06CA69F714C0A3DB008C5F43 /* DatabaseVersion.h */,
				065207091AAACE5200C7A4DF /* DatabaseVersion.c */,
				06C73F2A14872DBD002AEB71 /* Settings.h */,
				06B4BE08145F639E00F57858 /* AppDelegate.h */,
				06B4BE09145F639E00F57858 /* AppDelegate.m */,
				0603B04A1BA99A06005F3C99 /* Images.xcassets */,
				06B4BE00145F639E00F57858 /* Supporting Files */,
			);
			path = Oritsubushi;
			sourceTree = "<group>";
		};
		06B4BE00145F639E00F57858 /* Supporting Files */ = {
			isa = PBXGroup;
			children = (
				06B4BE01145F639E00F57858 /* Oritsubushi-Info.plist */,
				06B4BE02145F639E00F57858 /* InfoPlist.strings */,
				06B4BE05145F639E00F57858 /* main.m */,
				06B4BE07145F639E00F57858 /* Oritsubushi-Prefix.pch */,
			);
			name = "Supporting Files";
			sourceTree = "<group>";
		};
		06B4BEB214648D8F00F57858 /* Miscs */ = {
			isa = PBXGroup;
			children = (
				060E921B148C340200002D81 /* DatabaseFilterTypes.h */,
				060E921C148C340200002D81 /* DatabaseFilterTypes.m */,
				06195EF4147D96BD00C97DB8 /* OperatorTypes.h */,
				06195EF5147D96BD00C97DB8 /* OperatorTypes.m */,
				06195EF7147D9C1E00C97DB8 /* LineTypes.h */,
				06195EF8147D9C1E00C97DB8 /* LineTypes.m */,
				06195EEB147D1B7700C97DB8 /* Prefs.h */,
				06195EEC147D1B7700C97DB8 /* Prefs.m */,
				06195EEA147D157700C97DB8 /* Types.h */,
				06C73F151486E44C002AEB71 /* Misc.h */,
				06C73F161486E44C002AEB71 /* Misc.m */,
				06B1C3CE1498132A00E8462B /* NSFileHandle+TextReader.h */,
				06B1C3CF1498132A00E8462B /* NSFileHandle+TextReader.m */,
				06B1C3D214981ABD00E8462B /* NSString+CountSubstrings.h */,
				06B1C3D314981ABD00E8462B /* NSString+CountSubstrings.m */,
			);
			name = Miscs;
			sourceTree = "<group>";
		};
		06B4BEB514648DD300F57858 /* UI Controls & Views */ = {
			isa = PBXGroup;
			children = (
				06C5B6931489D3E1008BA7C2 /* ShowHideAnimationProtocol.h */,
				06B4BE12145F63F200F57858 /* MapView.h */,
				06B4BE13145F63F200F57858 /* MapView.m */,
				06B4BEBC1464B29800F57858 /* SearchBar.h */,
				06B4BEBD1464B29800F57858 /* SearchBar.m */,
				06B4BEBF1466911300F57858 /* MapWrapper.h */,
				06B4BEC01466911300F57858 /* MapWrapper.m */,
				06195F6E1480DBC900C97DB8 /* AnnotationView.h */,
				06195F6F1480DBC900C97DB8 /* AnnotationView.m */,
				06C5B6941489D4C0008BA7C2 /* SearchScopeBar.h */,
				06C5B6951489D4C0008BA7C2 /* SearchScopeBar.m */,
				065C0F72148A7980001D443C /* LoadingView.h */,
				065C0F73148A7980001D443C /* LoadingView.m */,
			);
			name = "UI Controls & Views";
			sourceTree = "<group>";
		};
		06B4BEC214701FD300F57858 /* Assets */ = {
			isa = PBXGroup;
			children = (
				0603B0701BA99B2E005F3C99 /* Defaults-667h@2x.png */,
				0603B0711BA99B2E005F3C99 /* Defaults-736h@3x.png */,
				0603B0661BA99AE3005F3C99 /* Icon-29.png */,
				0603B0671BA99AE3005F3C99 /* Icon-29@2x.png */,
				0603B0681BA99AE3005F3C99 /* Icon-29@3x.png */,
				0603B0691BA99AE3005F3C99 /* Icon-40@3x.png */,
				0603B06A1BA99AE3005F3C99 /* Icon-60@3x.png */,
				0603B0641BA99AD3005F3C99 /* 78x78.png */,
				0603B0621BA99AC4005F3C99 /* Icon-60@2x.png */,
				0618FF6A17E9800700467C2D /* Icon-40.png */,
				0677CAF417E97B7D00994164 /* Icon@2x.png */,
				06BDC7FE17E96FE70024BCB0 /* Icon-40@2x.png */,
				06BDC70817E96E160024BCB0 /* Icon-76@2x.png */,
				06BDC70A17E96E160024BCB0 /* Icon-76.png */,
				06BDC70B17E96E160024BCB0 /* Icon.png */,
				06BDC70C17E96E160024BCB0 /* Icon-Small-50.png */,
				06BDC70E17E96E160024BCB0 /* Icon-Small@2x.png */,
				06BDC70F17E96E160024BCB0 /* Icon-72.png */,
				06BDC71017E96E160024BCB0 /* Icon-Small.png */,
				060258451623CB0D007184F4 /* tabicon_date@2x.png */,
				060258461623CB0D007184F4 /* tabicon_date.png */,
				06CA69EE14B50B8B008C5F43 /* statusicon_notload.png */,
				06CA69EF14B50B8B008C5F43 /* statusicon_notload@2x.png */,
				06C73F2B14877E98002AEB71 /* statusicon_comp.png */,
				06C73F2C14877E98002AEB71 /* statusicon_incomp.png */,
				067241671485BA0100B49CCC /* statusicon_comp@2x.png */,
				067241681485BA0100B49CCC /* statusicon_incomp@2x.png */,
				06A564981482FCEC001A041D /* Default.png */,
				06A564991482FCEC001A041D /* Default@2x.png */,
				06FDE1E21609E3EC00EABCB0 /* Default-568h@2x.png */,
				06195F811481309E00C97DB8 /* tabicon_information@2x.png */,
				06195F821481309E00C97DB8 /* tabicon_map@2x.png */,
				06195F831481309E00C97DB8 /* tabicon_operator@2x.png */,
				06195F841481309E00C97DB8 /* tabicon_place@2x.png */,
				06195F851481309E00C97DB8 /* tabicon_settings@2x.png */,
				06195F861481309E00C97DB8 /* tabicon_sync@2x.png */,
				06195F871481309E00C97DB8 /* tabicon_yomi@2x.png */,
				06195ED2147A5BD100C97DB8 /* oritsubushi.sqlite */,
				06195ED3147A5BD100C97DB8 /* tabicon_information.png */,
				06195ED4147A5BD100C97DB8 /* tabicon_map.png */,
				06195ED5147A5BD100C97DB8 /* tabicon_operator.png */,
				06195ED6147A5BD100C97DB8 /* tabicon_place.png */,
				06195ED9147A5BD100C97DB8 /* tabicon_yomi.png */,
				06195ED8147A5BD100C97DB8 /* tabicon_sync.png */,
				06195ED7147A5BD100C97DB8 /* tabicon_settings.png */,
			);
			name = Assets;
			sourceTree = "<group>";
		};
		06C5B6861489CBAC008BA7C2 /* Google Maps */ = {
			isa = PBXGroup;
			children = (
				06C5B68D1489CC10008BA7C2 /* GoogleMapsService.h */,
				06C5B68E1489CC10008BA7C2 /* GoogleMapsService.m */,
				06C5B68A1489CBEB008BA7C2 /* GoogleMapsLocation.h */,
				06C5B68B1489CBEB008BA7C2 /* GoogleMapsLocation.m */,
				06661F0B17E885B200861C52 /* PlaceSelectViewController.h */,
				06661F0C17E885B200861C52 /* PlaceSelectViewController.m */,
				06661F0D17E885B200861C52 /* PlaceSelectViewController.xib */,
			);
			name = "Google Maps";
			sourceTree = "<group>";
		};
		6BA9F327D7ABF0385D2AE801 /* Pods */ = {
			isa = PBXGroup;
			children = (
				B31E81EAF84CB05AC93E20DB /* Pods-Oritsubushi.debug.xcconfig */,
				E35E60C5FD9338A92C105DAC /* Pods-Oritsubushi.release.xcconfig */,
			);
			name = Pods;
			sourceTree = "<group>";
		};
/* End PBXGroup section */

/* Begin PBXNativeTarget section */
		06B4BDF4145F639E00F57858 /* Oritsubushi */ = {
			isa = PBXNativeTarget;
			buildConfigurationList = 06B4BE0D145F639F00F57858 /* Build configuration list for PBXNativeTarget "Oritsubushi" */;
			buildPhases = (
				4EEFAAC8A3985C246D6B57E8 /* [CP] Check Pods Manifest.lock */,
				06B4BDF1145F639E00F57858 /* Sources */,
				06B4BDF2145F639E00F57858 /* Frameworks */,
				06B4BDF3145F639E00F57858 /* Resources */,
				59D590DADB66D4F262E43DD1 /* [CP] Embed Pods Frameworks */,
				CB0CA2CF6B49741DD7453A8C /* [CP] Copy Pods Resources */,
			);
			buildRules = (
			);
			dependencies = (
			);
			name = Oritsubushi;
			productName = Oritsubushi;
			productReference = 06B4BDF5145F639E00F57858 /* Oritsubushi.app */;
			productType = "com.apple.product-type.application";
		};
/* End PBXNativeTarget section */

/* Begin PBXProject section */
		06B4BDEC145F639E00F57858 /* Project object */ = {
			isa = PBXProject;
			attributes = {
				LastUpgradeCheck = 0810;
				ORGANIZATIONNAME = "合資会社ダブルエスエフ";
				TargetAttributes = {
					06B4BDF4145F639E00F57858 = {
						DevelopmentTeam = YQ9QLVPTA3;
						SystemCapabilities = {
							com.apple.BackgroundModes = {
								enabled = 1;
							};
							com.apple.Push = {
								enabled = 1;
							};
						};
					};
				};
			};
			buildConfigurationList = 06B4BDEF145F639E00F57858 /* Build configuration list for PBXProject "Oritsubushi" */;
			compatibilityVersion = "Xcode 3.2";
			developmentRegion = English;
			hasScannedForEncodings = 0;
			knownRegions = (
				en,
				ja,
			);
			mainGroup = 06B4BDEA145F639E00F57858;
			productRefGroup = 06B4BDF6145F639E00F57858 /* Products */;
			projectDirPath = "";
			projectRoot = "";
			targets = (
				06B4BDF4145F639E00F57858 /* Oritsubushi */,
			);
		};
/* End PBXProject section */

/* Begin PBXResourcesBuildPhase section */
		06B4BDF3145F639E00F57858 /* Resources */ = {
			isa = PBXResourcesBuildPhase;
			buildActionMask = 2147483647;
			files = (
				06B4BE04145F639E00F57858 /* InfoPlist.strings in Resources */,
				06195EDB147A5BD100C97DB8 /* oritsubushi.sqlite in Resources */,
				0603B0721BA99B2E005F3C99 /* Defaults-667h@2x.png in Resources */,
				06195EDC147A5BD100C97DB8 /* tabicon_information.png in Resources */,
				06195EDD147A5BD100C97DB8 /* tabicon_map.png in Resources */,
				0603B06E1BA99AE3005F3C99 /* Icon-40@3x.png in Resources */,
				06195EDE147A5BD100C97DB8 /* tabicon_operator.png in Resources */,
				0603B0731BA99B2E005F3C99 /* Defaults-736h@3x.png in Resources */,
				06195EDF147A5BD100C97DB8 /* tabicon_place.png in Resources */,
				06195EE0147A5BD100C97DB8 /* tabicon_settings.png in Resources */,
				06195EE1147A5BD100C97DB8 /* tabicon_sync.png in Resources */,
				06661F0F17E885B200861C52 /* PlaceSelectViewController.xib in Resources */,
				06195EE2147A5BD100C97DB8 /* tabicon_yomi.png in Resources */,
				06BDC71117E96E160024BCB0 /* Icon-76@2x.png in Resources */,
				06195F881481309E00C97DB8 /* tabicon_information@2x.png in Resources */,
				06BDC71917E96E160024BCB0 /* Icon-Small.png in Resources */,
				06661F2217E93E8B00861C52 /* SyncViewController7.xib in Resources */,
				06195F891481309E00C97DB8 /* tabicon_map@2x.png in Resources */,
				06195F8A1481309E00C97DB8 /* tabicon_operator@2x.png in Resources */,
				06195F8B1481309E00C97DB8 /* tabicon_place@2x.png in Resources */,
				06195F8C1481309E00C97DB8 /* tabicon_settings@2x.png in Resources */,
				0677CAF617E97B7D00994164 /* Icon@2x.png in Resources */,
				06195F8D1481309E00C97DB8 /* tabicon_sync@2x.png in Resources */,
				06195F8E1481309E00C97DB8 /* tabicon_yomi@2x.png in Resources */,
				06A5649A1482FCEC001A041D /* Default.png in Resources */,
				06A5649B1482FCEC001A041D /* Default@2x.png in Resources */,
				06BDC71817E96E160024BCB0 /* Icon-72.png in Resources */,
				0603B06D1BA99AE3005F3C99 /* Icon-29@3x.png in Resources */,
				0603B04B1BA99A06005F3C99 /* Images.xcassets in Resources */,
				06A564B71484597C001A041D /* StationInformationViewController.xib in Resources */,
				067241691485BA0100B49CCC /* statusicon_comp@2x.png in Resources */,
				0672416A1485BA0100B49CCC /* statusicon_incomp@2x.png in Resources */,
				06C73F1C1486F530002AEB71 /* MemoViewController.xib in Resources */,
				0603B0631BA99AC4005F3C99 /* Icon-60@2x.png in Resources */,
				06CC92BA17E1C319000DB811 /* CompletionViewController7.xib in Resources */,
				06BDC71717E96E160024BCB0 /* Icon-Small@2x.png in Resources */,
				06C73F2D14877E98002AEB71 /* statusicon_comp.png in Resources */,
				06C73F2E14877E99002AEB71 /* statusicon_incomp.png in Resources */,
				0618FF6B17E9800700467C2D /* Icon-40.png in Resources */,
				0606395C149F737000B454BC /* GroupsCell.xib in Resources */,
				06CA69F014B50B8B008C5F43 /* statusicon_notload.png in Resources */,
				06CA69F114B50B8B008C5F43 /* statusicon_notload@2x.png in Resources */,
				0603B0651BA99AD3005F3C99 /* 78x78.png in Resources */,
				06BDC71417E96E160024BCB0 /* Icon.png in Resources */,
				0603B06C1BA99AE3005F3C99 /* Icon-29@2x.png in Resources */,
				06BDC7FF17E96FE70024BCB0 /* Icon-40@2x.png in Resources */,
				0603B06B1BA99AE3005F3C99 /* Icon-29.png in Resources */,
				06FDE1E31609E3EC00EABCB0 /* Default-568h@2x.png in Resources */,
				06BDC71317E96E160024BCB0 /* Icon-76.png in Resources */,
				06BDC71517E96E160024BCB0 /* Icon-Small-50.png in Resources */,
				0603B06F1BA99AE3005F3C99 /* Icon-60@3x.png in Resources */,
				060258471623CB0D007184F4 /* tabicon_date@2x.png in Resources */,
				060DBAD11E02D12800CAE1CE /* GoogleService-Info.plist in Resources */,
				063B50DF1DE877F8009156AC /* MapTableViewCell.xib in Resources */,
				060258481623CB0D007184F4 /* tabicon_date.png in Resources */,
			);
			runOnlyForDeploymentPostprocessing = 0;
		};
/* End PBXResourcesBuildPhase section */

/* Begin PBXShellScriptBuildPhase section */
		4EEFAAC8A3985C246D6B57E8 /* [CP] Check Pods Manifest.lock */ = {
			isa = PBXShellScriptBuildPhase;
			buildActionMask = 2147483647;
			files = (
			);
			inputPaths = (
			);
			name = "[CP] Check Pods Manifest.lock";
			outputPaths = (
			);
			runOnlyForDeploymentPostprocessing = 0;
			shellPath = /bin/sh;
			shellScript = "diff \"${PODS_ROOT}/../Podfile.lock\" \"${PODS_ROOT}/Manifest.lock\" > /dev/null\nif [ $? != 0 ] ; then\n    # print error to STDERR\n    echo \"error: The sandbox is not in sync with the Podfile.lock. Run 'pod install' or update your CocoaPods installation.\" >&2\n    exit 1\nfi\n";
			showEnvVarsInLog = 0;
		};
		59D590DADB66D4F262E43DD1 /* [CP] Embed Pods Frameworks */ = {
			isa = PBXShellScriptBuildPhase;
			buildActionMask = 2147483647;
			files = (
			);
			inputPaths = (
			);
			name = "[CP] Embed Pods Frameworks";
			outputPaths = (
			);
			runOnlyForDeploymentPostprocessing = 0;
			shellPath = /bin/sh;
			shellScript = "\"${SRCROOT}/Pods/Target Support Files/Pods-Oritsubushi/Pods-Oritsubushi-frameworks.sh\"\n";
			showEnvVarsInLog = 0;
		};
		CB0CA2CF6B49741DD7453A8C /* [CP] Copy Pods Resources */ = {
			isa = PBXShellScriptBuildPhase;
			buildActionMask = 2147483647;
			files = (
			);
			inputPaths = (
			);
			name = "[CP] Copy Pods Resources";
			outputPaths = (
			);
			runOnlyForDeploymentPostprocessing = 0;
			shellPath = /bin/sh;
			shellScript = "\"${SRCROOT}/Pods/Target Support Files/Pods-Oritsubushi/Pods-Oritsubushi-resources.sh\"\n";
			showEnvVarsInLog = 0;
		};
/* End PBXShellScriptBuildPhase section */

/* Begin PBXSourcesBuildPhase section */
		06B4BDF1145F639E00F57858 /* Sources */ = {
			isa = PBXSourcesBuildPhase;
			buildActionMask = 2147483647;
			files = (
				06B4BE06145F639E00F57858 /* main.m in Sources */,
				06B4BE0A145F639E00F57858 /* AppDelegate.m in Sources */,
				06B4BE16145F63F200F57858 /* Station.m in Sources */,
				06B4BE17145F63F200F57858 /* MapView.m in Sources */,
				06B4BE18145F63F200F57858 /* MapViewController.m in Sources */,
				06B4BEBE1464B29800F57858 /* SearchBar.m in Sources */,
				06B4BEC11466911400F57858 /* MapWrapper.m in Sources */,
				06195EBA14772D1600C97DB8 /* PlaceViewController.m in Sources */,
				06195EBD14772D2A00C97DB8 /* YomiViewController.m in Sources */,
				06195ED01477C7AF00C97DB8 /* Database.m in Sources */,
				06195EE5147C67AF00C97DB8 /* SettingsViewController.m in Sources */,
				06195EE8147C7AAA00C97DB8 /* NumberOfIconsViewController.m in Sources */,
				06195EED147D1B7800C97DB8 /* Prefs.m in Sources */,
				06195EF0147D955A00C97DB8 /* Operator.m in Sources */,
				06195EF3147D961500C97DB8 /* Line.m in Sources */,
				06195EF6147D96BD00C97DB8 /* OperatorTypes.m in Sources */,
				06195EF9147D9C1E00C97DB8 /* LineTypes.m in Sources */,
				06195F701480DBCA00C97DB8 /* AnnotationView.m in Sources */,
				06A564AF1483B5EE001A041D /* InformationViewController.m in Sources */,
				06F1946A1E002445004303F7 /* FMDBHelper.m in Sources */,
				06A564B61484597C001A041D /* StationInformationViewController.m in Sources */,
				06C73F171486E44C002AEB71 /* Misc.m in Sources */,
				06C73F1B1486F530002AEB71 /* MemoViewController.m in Sources */,
				06C73F2514870907002AEB71 /* CompletionViewController.m in Sources */,
				064D466B14882E6600066924 /* Group.m in Sources */,
				064D4676148838D600066924 /* GroupsViewController.m in Sources */,
				064D467A14884A5E00066924 /* LinesViewControllers.m in Sources */,
				064D46811488B3C000066924 /* StationsViewControllers.m in Sources */,
				06C5B68C1489CBEB008BA7C2 /* GoogleMapsLocation.m in Sources */,
				06661F0E17E885B200861C52 /* PlaceSelectViewController.m in Sources */,
				06C5B68F1489CC10008BA7C2 /* GoogleMapsService.m in Sources */,
				06C5B6961489D4C0008BA7C2 /* SearchScopeBar.m in Sources */,
				065C0F74148A7980001D443C /* LoadingView.m in Sources */,
				060E921D148C340200002D81 /* DatabaseFilterTypes.m in Sources */,
				0652070A1AAACE5200C7A4DF /* DatabaseVersion.c in Sources */,
				0697326A148D25D10042F3D5 /* SyncViewController.m in Sources */,
				06B1C3D01498132A00E8462B /* NSFileHandle+TextReader.m in Sources */,
				06B1C3D414981ABE00E8462B /* NSString+CountSubstrings.m in Sources */,
				06230583161C765100438213 /* CompletionDateViewController.m in Sources */,
				060258431623A9E7007184F4 /* CompletionDateGroup.m in Sources */,
			);
			runOnlyForDeploymentPostprocessing = 0;
		};
/* End PBXSourcesBuildPhase section */

/* Begin PBXVariantGroup section */
		06B4BE02145F639E00F57858 /* InfoPlist.strings */ = {
			isa = PBXVariantGroup;
			children = (
				06B4BE03145F639E00F57858 /* en */,
				06B4BE19145F640300F57858 /* ja */,
			);
			name = InfoPlist.strings;
			sourceTree = "<group>";
		};
/* End PBXVariantGroup section */

/* Begin XCBuildConfiguration section */
		06B4BE0B145F639F00F57858 /* Debug */ = {
			isa = XCBuildConfiguration;
			buildSettings = {
				ALWAYS_SEARCH_USER_PATHS = NO;
				CLANG_ANALYZER_LOCALIZABILITY_NONLOCALIZED = YES;
				CLANG_ENABLE_OBJC_ARC = YES;
				CLANG_WARN_BOOL_CONVERSION = YES;
				CLANG_WARN_CONSTANT_CONVERSION = YES;
				CLANG_WARN_EMPTY_BODY = YES;
				CLANG_WARN_ENUM_CONVERSION = YES;
				CLANG_WARN_INFINITE_RECURSION = YES;
				CLANG_WARN_INT_CONVERSION = YES;
				CLANG_WARN_SUSPICIOUS_MOVE = YES;
				CLANG_WARN_UNREACHABLE_CODE = YES;
				CLANG_WARN__DUPLICATE_METHOD_MATCH = YES;
				CODE_SIGN_IDENTITY = "iPhone Developer";
				"CODE_SIGN_IDENTITY[sdk=iphoneos*]" = "iPhone Developer";
				COPY_PHASE_STRIP = NO;
				ENABLE_STRICT_OBJC_MSGSEND = YES;
				ENABLE_TESTABILITY = YES;
				GCC_C_LANGUAGE_STANDARD = gnu99;
				GCC_DYNAMIC_NO_PIC = NO;
				GCC_NO_COMMON_BLOCKS = YES;
				GCC_OPTIMIZATION_LEVEL = 0;
				GCC_PREPROCESSOR_DEFINITIONS = (
					"DEBUG=1",
					"$(inherited)",
				);
				GCC_SYMBOLS_PRIVATE_EXTERN = NO;
				GCC_VERSION = com.apple.compilers.llvm.clang.1_0;
				GCC_WARN_64_TO_32_BIT_CONVERSION = YES;
				GCC_WARN_ABOUT_MISSING_PROTOTYPES = YES;
				GCC_WARN_ABOUT_RETURN_TYPE = YES;
				GCC_WARN_UNDECLARED_SELECTOR = YES;
				GCC_WARN_UNINITIALIZED_AUTOS = YES;
				GCC_WARN_UNUSED_FUNCTION = YES;
				GCC_WARN_UNUSED_VARIABLE = YES;
				HEADER_SEARCH_PATHS = /usr/include/libxml2;
				IPHONEOS_DEPLOYMENT_TARGET = 8.0;
				ONLY_ACTIVE_ARCH = YES;
				OTHER_LDFLAGS = (
					"-ObjC",
					"-all_load",
				);
				PROVISIONING_PROFILE = "";
				"PROVISIONING_PROFILE[sdk=iphoneos*]" = "";
				SDKROOT = iphoneos;
				USER_HEADER_SEARCH_PATHS = "$(BUILD_DIR)/$(CONFIGURATION)$(EFFECTIVE_PLATFORM_NAME)/usr/local/include/** $(INSTALL_DIR)/usr/local/include/**";
			};
			name = Debug;
		};
		06B4BE0C145F639F00F57858 /* Release */ = {
			isa = XCBuildConfiguration;
			buildSettings = {
				ALWAYS_SEARCH_USER_PATHS = NO;
				CLANG_ANALYZER_LOCALIZABILITY_NONLOCALIZED = YES;
				CLANG_ENABLE_OBJC_ARC = YES;
				CLANG_WARN_BOOL_CONVERSION = YES;
				CLANG_WARN_CONSTANT_CONVERSION = YES;
				CLANG_WARN_EMPTY_BODY = YES;
				CLANG_WARN_ENUM_CONVERSION = YES;
				CLANG_WARN_INFINITE_RECURSION = YES;
				CLANG_WARN_INT_CONVERSION = YES;
				CLANG_WARN_SUSPICIOUS_MOVE = YES;
				CLANG_WARN_UNREACHABLE_CODE = YES;
				CLANG_WARN__DUPLICATE_METHOD_MATCH = YES;
				CODE_SIGN_IDENTITY = "iPhone Developer";
				"CODE_SIGN_IDENTITY[sdk=iphoneos*]" = "iPhone Developer";
				COPY_PHASE_STRIP = YES;
				ENABLE_STRICT_OBJC_MSGSEND = YES;
				GCC_C_LANGUAGE_STANDARD = gnu99;
				GCC_NO_COMMON_BLOCKS = YES;
				GCC_VERSION = com.apple.compilers.llvm.clang.1_0;
				GCC_WARN_64_TO_32_BIT_CONVERSION = YES;
				GCC_WARN_ABOUT_MISSING_PROTOTYPES = YES;
				GCC_WARN_ABOUT_RETURN_TYPE = YES;
				GCC_WARN_UNDECLARED_SELECTOR = YES;
				GCC_WARN_UNINITIALIZED_AUTOS = YES;
				GCC_WARN_UNUSED_FUNCTION = YES;
				GCC_WARN_UNUSED_VARIABLE = YES;
				HEADER_SEARCH_PATHS = /usr/include/libxml2;
				IPHONEOS_DEPLOYMENT_TARGET = 8.0;
				ONLY_ACTIVE_ARCH = NO;
				OTHER_CFLAGS = "-DNS_BLOCK_ASSERTIONS=1";
				OTHER_LDFLAGS = (
					"-ObjC",
					"-all_load",
				);
				PROVISIONING_PROFILE = "";
				"PROVISIONING_PROFILE[sdk=iphoneos*]" = "";
				SDKROOT = iphoneos;
				USER_HEADER_SEARCH_PATHS = "$(BUILD_DIR)/$(CONFIGURATION)$(EFFECTIVE_PLATFORM_NAME)/usr/local/include/** $(INSTALL_DIR)/usr/local/include/**";
				VALIDATE_PRODUCT = YES;
				VALID_ARCHS = "armv7 arm64";
			};
			name = Release;
		};
		06B4BE0E145F639F00F57858 /* Debug */ = {
			isa = XCBuildConfiguration;
			baseConfigurationReference = B31E81EAF84CB05AC93E20DB /* Pods-Oritsubushi.debug.xcconfig */;
			buildSettings = {
				ASSETCATALOG_COMPILER_APPICON_NAME = AppIcon;
				ASSETCATALOG_COMPILER_LAUNCHIMAGE_NAME = LaunchImage;
				CODE_SIGN_ENTITLEMENTS = Oritsubushi/Oritsubushi.entitlements;
				CODE_SIGN_IDENTITY = "iPhone Developer";
				"CODE_SIGN_IDENTITY[sdk=iphoneos*]" = "iPhone Developer";
				DEVELOPMENT_TEAM = YQ9QLVPTA3;
				GCC_PRECOMPILE_PREFIX_HEADER = YES;
				GCC_PREFIX_HEADER = "Oritsubushi/Oritsubushi-Prefix.pch";
				INFOPLIST_FILE = "Oritsubushi/Oritsubushi-Info.plist";
				IPHONEOS_DEPLOYMENT_TARGET = 8.0;
				PRODUCT_BUNDLE_IDENTIFIER = "com.wsf-lp.i${PRODUCT_NAME:rfc1034identifier}";
				PRODUCT_NAME = "$(TARGET_NAME)";
				PROVISIONING_PROFILE = "";
				"PROVISIONING_PROFILE[sdk=iphoneos*]" = "";
				TARGETED_DEVICE_FAMILY = 1;
				WRAPPER_EXTENSION = app;
			};
			name = Debug;
		};
		06B4BE0F145F639F00F57858 /* Release */ = {
			isa = XCBuildConfiguration;
			baseConfigurationReference = E35E60C5FD9338A92C105DAC /* Pods-Oritsubushi.release.xcconfig */;
			buildSettings = {
				ASSETCATALOG_COMPILER_APPICON_NAME = AppIcon;
				ASSETCATALOG_COMPILER_LAUNCHIMAGE_NAME = LaunchImage;
				CODE_SIGN_ENTITLEMENTS = Oritsubushi/Oritsubushi.entitlements;
				CODE_SIGN_IDENTITY = "iPhone Developer";
				"CODE_SIGN_IDENTITY[sdk=iphoneos*]" = "iPhone Developer";
				DEVELOPMENT_TEAM = YQ9QLVPTA3;
				GCC_PRECOMPILE_PREFIX_HEADER = YES;
				GCC_PREFIX_HEADER = "Oritsubushi/Oritsubushi-Prefix.pch";
				INFOPLIST_FILE = "Oritsubushi/Oritsubushi-Info.plist";
				IPHONEOS_DEPLOYMENT_TARGET = 8.0;
				PRODUCT_BUNDLE_IDENTIFIER = "com.wsf-lp.i${PRODUCT_NAME:rfc1034identifier}";
				PRODUCT_NAME = "$(TARGET_NAME)";
				PROVISIONING_PROFILE = "";
				TARGETED_DEVICE_FAMILY = 1;
				WRAPPER_EXTENSION = app;
			};
			name = Release;
		};
/* End XCBuildConfiguration section */

/* Begin XCConfigurationList section */
		06B4BDEF145F639E00F57858 /* Build configuration list for PBXProject "Oritsubushi" */ = {
			isa = XCConfigurationList;
			buildConfigurations = (
				06B4BE0B145F639F00F57858 /* Debug */,
				06B4BE0C145F639F00F57858 /* Release */,
			);
			defaultConfigurationIsVisible = 0;
			defaultConfigurationName = Release;
		};
		06B4BE0D145F639F00F57858 /* Build configuration list for PBXNativeTarget "Oritsubushi" */ = {
			isa = XCConfigurationList;
			buildConfigurations = (
				06B4BE0E145F639F00F57858 /* Debug */,
				06B4BE0F145F639F00F57858 /* Release */,
			);
			defaultConfigurationIsVisible = 0;
			defaultConfigurationName = Release;
		};
/* End XCConfigurationList section */
	};
	rootObject = 06B4BDEC145F639E00F57858 /* Project object */;
}
